// !$*UTF8*$!
{
	archiveVersion = 1;
	classes = {
	};
	objectVersion = 46;
	objects = {

/* Begin PBXBuildFile section */
		320AF8492C47A4D819F7C451 /* QuartzCore.framework in Frameworks */ = {isa = PBXBuildFile; fileRef = 320AF8492C47A4D819F7C450 /* QuartzCore.framework */; };
		A32D30271412EACB007C5873 /* UIKit.framework in Frameworks */ = {isa = PBXBuildFile; fileRef = A32D30261412EACB007C5873 /* UIKit.framework */; };
		A32D30291412EACB007C5873 /* Foundation.framework in Frameworks */ = {isa = PBXBuildFile; fileRef = A32D30281412EACB007C5873 /* Foundation.framework */; };
		A32D302B1412EACB007C5873 /* CoreGraphics.framework in Frameworks */ = {isa = PBXBuildFile; fileRef = A32D302A1412EACB007C5873 /* CoreGraphics.framework */; };
		A32D30311412EACB007C5873 /* InfoPlist.strings in Resources */ = {isa = PBXBuildFile; fileRef = A32D302F1412EACB007C5873 /* InfoPlist.strings */; };
		A32D30331412EACB007C5873 /* main.m in Sources */ = {isa = PBXBuildFile; fileRef = A32D30321412EACB007C5873 /* main.m */; };
		A32D30371412EACB007C5873 /* LemonadeAlleyAppDelegate.m in Sources */ = {isa = PBXBuildFile; fileRef = A32D30361412EACB007C5873 /* LemonadeAlleyAppDelegate.m */; };
		A32D304E1412EACC007C5873 /* SenTestingKit.framework in Frameworks */ = {isa = PBXBuildFile; fileRef = A32D304D1412EACC007C5873 /* SenTestingKit.framework */; };
		A32D304F1412EACC007C5873 /* UIKit.framework in Frameworks */ = {isa = PBXBuildFile; fileRef = A32D30261412EACB007C5873 /* UIKit.framework */; };
		A32D30501412EACC007C5873 /* Foundation.framework in Frameworks */ = {isa = PBXBuildFile; fileRef = A32D30281412EACB007C5873 /* Foundation.framework */; };
		A32D30511412EACC007C5873 /* CoreGraphics.framework in Frameworks */ = {isa = PBXBuildFile; fileRef = A32D302A1412EACB007C5873 /* CoreGraphics.framework */; };
		A32D30591412EACC007C5873 /* InfoPlist.strings in Resources */ = {isa = PBXBuildFile; fileRef = A32D30571412EACC007C5873 /* InfoPlist.strings */; };
		A32D305B1412EACC007C5873 /* LemonadeAlleyTests.h in Resources */ = {isa = PBXBuildFile; fileRef = A32D305A1412EACC007C5873 /* LemonadeAlleyTests.h */; };
		A32D305D1412EACC007C5873 /* LemonadeAlleyTests.m in Sources */ = {isa = PBXBuildFile; fileRef = A32D305C1412EACC007C5873 /* LemonadeAlleyTests.m */; };
		A36B8BA3141F4426004857B6 /* 18-envelope.png in Resources */ = {isa = PBXBuildFile; fileRef = A36B8BA2141F4426004857B6 /* 18-envelope.png */; };
		A3A428E51421B782008C9E0F /* Default.png in Resources */ = {isa = PBXBuildFile; fileRef = A3A428E41421B782008C9E0F /* Default.png */; };
		A3C6C2FB143DA2AF00FF57BB /* CFNetwork.framework in Frameworks */ = {isa = PBXBuildFile; fileRef = A3C6C2F6143DA2AF00FF57BB /* CFNetwork.framework */; };
		A3C6C2FC143DA2AF00FF57BB /* CoreData.framework in Frameworks */ = {isa = PBXBuildFile; fileRef = A3C6C2F7143DA2AF00FF57BB /* CoreData.framework */; };
		A3C6C2FD143DA2AF00FF57BB /* libxml2.dylib in Frameworks */ = {isa = PBXBuildFile; fileRef = A3C6C2F8143DA2AF00FF57BB /* libxml2.dylib */; };
		A3C6C2FE143DA2AF00FF57BB /* MobileCoreServices.framework in Frameworks */ = {isa = PBXBuildFile; fileRef = A3C6C2F9143DA2AF00FF57BB /* MobileCoreServices.framework */; };
		A3C6C2FF143DA2AF00FF57BB /* SystemConfiguration.framework in Frameworks */ = {isa = PBXBuildFile; fileRef = A3C6C2FA143DA2AF00FF57BB /* SystemConfiguration.framework */; };
		A3C6C300143DA2F000FF57BB /* libRestKitJSONParserJSONKit.a in Frameworks */ = {isa = PBXBuildFile; fileRef = A3C6C2EB143DA1B200FF57BB /* libRestKitJSONParserJSONKit.a */; };
		A3C6C301143DA2F000FF57BB /* libRestKitNetwork.a in Frameworks */ = {isa = PBXBuildFile; fileRef = A3C6C2DF143DA1B200FF57BB /* libRestKitNetwork.a */; };
		A3C6C302143DA2F000FF57BB /* libRestKitObjectMapping.a in Frameworks */ = {isa = PBXBuildFile; fileRef = A3C6C2E1143DA1B200FF57BB /* libRestKitObjectMapping.a */; };
		A3C6C303143DA2F000FF57BB /* libRestKitSupport.a in Frameworks */ = {isa = PBXBuildFile; fileRef = A3C6C2E3143DA1B200FF57BB /* libRestKitSupport.a */; };
		A3DB11FB144B910B00DFC686 /* NSObject+SBJSON.m in Sources */ = {isa = PBXBuildFile; fileRef = A3DB11F0144B910B00DFC686 /* NSObject+SBJSON.m */; };
		A3DB11FC144B910B00DFC686 /* NSString+SBJSON.m in Sources */ = {isa = PBXBuildFile; fileRef = A3DB11F2144B910B00DFC686 /* NSString+SBJSON.m */; };
		A3DB11FD144B910B00DFC686 /* SBJSON.m in Sources */ = {isa = PBXBuildFile; fileRef = A3DB11F4144B910B00DFC686 /* SBJSON.m */; };
		A3DB11FE144B910B00DFC686 /* SBJsonBase.m in Sources */ = {isa = PBXBuildFile; fileRef = A3DB11F6144B910B00DFC686 /* SBJsonBase.m */; };
		A3DB11FF144B910B00DFC686 /* SBJsonParser.m in Sources */ = {isa = PBXBuildFile; fileRef = A3DB11F8144B910B00DFC686 /* SBJsonParser.m */; };
		A3DB1200144B910B00DFC686 /* SBJsonWriter.m in Sources */ = {isa = PBXBuildFile; fileRef = A3DB11FA144B910B00DFC686 /* SBJsonWriter.m */; };
		A3EC683C144A7AED006510F5 /* Facebook.m in Sources */ = {isa = PBXBuildFile; fileRef = A3EC6825144A7AED006510F5 /* Facebook.m */; };
		A3EC683D144A7AED006510F5 /* FBDialog.bundle in Resources */ = {isa = PBXBuildFile; fileRef = A3EC6827144A7AED006510F5 /* FBDialog.bundle */; };
		A3EC683E144A7AED006510F5 /* FBDialog.m in Sources */ = {isa = PBXBuildFile; fileRef = A3EC6829144A7AED006510F5 /* FBDialog.m */; };
		A3EC683F144A7AED006510F5 /* FBLoginDialog.m in Sources */ = {isa = PBXBuildFile; fileRef = A3EC682B144A7AED006510F5 /* FBLoginDialog.m */; };
		A3EC6840144A7AED006510F5 /* FBRequest.m in Sources */ = {isa = PBXBuildFile; fileRef = A3EC682D144A7AED006510F5 /* FBRequest.m */; };
		A3F2A1121418652F00DADAD0 /* QuartzCore.framework in Frameworks */ = {isa = PBXBuildFile; fileRef = A3F2A1111418652E00DADAD0 /* QuartzCore.framework */; };
/* End PBXBuildFile section */

/* Begin PBXContainerItemProxy section */
		A32D30521412EACC007C5873 /* PBXContainerItemProxy */ = {
			isa = PBXContainerItemProxy;
			containerPortal = A32D30191412EACB007C5873 /* Project object */;
			proxyType = 1;
			remoteGlobalIDString = A32D30211412EACB007C5873;
			remoteInfo = LemonadeAlley;
		};
		A3C6C2DE143DA1B200FF57BB /* PBXContainerItemProxy */ = {
			isa = PBXContainerItemProxy;
			containerPortal = A3C6C2CA143DA1B200FF57BB /* RestKit.xcodeproj */;
			proxyType = 2;
			remoteGlobalIDString = 253A07FC1255161B00976E89;
			remoteInfo = RestKitNetwork;
		};
		A3C6C2E0143DA1B200FF57BB /* PBXContainerItemProxy */ = {
			isa = PBXContainerItemProxy;
			containerPortal = A3C6C2CA143DA1B200FF57BB /* RestKit.xcodeproj */;
			proxyType = 2;
			remoteGlobalIDString = 253A08031255162C00976E89;
			remoteInfo = RestKitObjectMapping;
		};
		A3C6C2E2143DA1B200FF57BB /* PBXContainerItemProxy */ = {
			isa = PBXContainerItemProxy;
			containerPortal = A3C6C2CA143DA1B200FF57BB /* RestKit.xcodeproj */;
			proxyType = 2;
			remoteGlobalIDString = 253A080C12551D3000976E89;
			remoteInfo = RestKitSupport;
		};
		A3C6C2E4143DA1B200FF57BB /* PBXContainerItemProxy */ = {
			isa = PBXContainerItemProxy;
			containerPortal = A3C6C2CA143DA1B200FF57BB /* RestKit.xcodeproj */;
			proxyType = 2;
			remoteGlobalIDString = 20808DBD13DE8CDC000A156A;
			remoteInfo = "RestKitJSONParser+NXJSON";
		};
		A3C6C2E6143DA1B200FF57BB /* PBXContainerItemProxy */ = {
			isa = PBXContainerItemProxy;
			containerPortal = A3C6C2CA143DA1B200FF57BB /* RestKit.xcodeproj */;
			proxyType = 2;
			remoteGlobalIDString = 2590E64F125231F600531FA8;
			remoteInfo = "RestKitJSONParser+YAJL";
		};
		A3C6C2E8143DA1B200FF57BB /* PBXContainerItemProxy */ = {
			isa = PBXContainerItemProxy;
			containerPortal = A3C6C2CA143DA1B200FF57BB /* RestKit.xcodeproj */;
			proxyType = 2;
			remoteGlobalIDString = 2590E66B1252353700531FA8;
			remoteInfo = "RestKitJSONParser+SBJSON";
		};
		A3C6C2EA143DA1B200FF57BB /* PBXContainerItemProxy */ = {
			isa = PBXContainerItemProxy;
			containerPortal = A3C6C2CA143DA1B200FF57BB /* RestKit.xcodeproj */;
			proxyType = 2;
			remoteGlobalIDString = 73057FD11331AD2E001908EE;
			remoteInfo = "RestKitJSONParser+JSONKit";
		};
		A3C6C2EC143DA1B200FF57BB /* PBXContainerItemProxy */ = {
			isa = PBXContainerItemProxy;
			containerPortal = A3C6C2CA143DA1B200FF57BB /* RestKit.xcodeproj */;
			proxyType = 2;
			remoteGlobalIDString = 25BD43BD1340315800DBACDD;
			remoteInfo = "RestKitXMLParser+Libxml";
		};
		A3C6C2EE143DA1B200FF57BB /* PBXContainerItemProxy */ = {
			isa = PBXContainerItemProxy;
			containerPortal = A3C6C2CA143DA1B200FF57BB /* RestKit.xcodeproj */;
			proxyType = 2;
			remoteGlobalIDString = 253A081412551D5300976E89;
			remoteInfo = RestKitCoreData;
		};
		A3C6C2F0143DA1B200FF57BB /* PBXContainerItemProxy */ = {
			isa = PBXContainerItemProxy;
			containerPortal = A3C6C2CA143DA1B200FF57BB /* RestKit.xcodeproj */;
			proxyType = 2;
			remoteGlobalIDString = 2523360511E79F090048F9B4;
			remoteInfo = RestKitThree20;
		};
		A3C6C2F2143DA1B200FF57BB /* PBXContainerItemProxy */ = {
			isa = PBXContainerItemProxy;
			containerPortal = A3C6C2CA143DA1B200FF57BB /* RestKit.xcodeproj */;
			proxyType = 2;
			remoteGlobalIDString = 3F6C39A510FE5C95008F47C5;
			remoteInfo = "RestKit Specs";
		};
		A3C6C2F4143DA26900FF57BB /* PBXContainerItemProxy */ = {
			isa = PBXContainerItemProxy;
			containerPortal = A3C6C2CA143DA1B200FF57BB /* RestKit.xcodeproj */;
			proxyType = 1;
			remoteGlobalIDString = 255B7588133BABBF00ED76AD;
			remoteInfo = RestKit;
		};
/* End PBXContainerItemProxy section */

/* Begin PBXFileReference section */
		320AF8492C47A4D819F7C450 /* QuartzCore.framework */ = {isa = PBXFileReference; lastKnownFileType = wrapper.frameworks; name = QuartzCore.framework; path = System/Library/Frameworks/QuartzCore.framework; sourceTree = SDKROOT; };
		A32D30221412EACB007C5873 /* LemonadeAlley.app */ = {isa = PBXFileReference; explicitFileType = wrapper.application; includeInIndex = 0; path = LemonadeAlley.app; sourceTree = BUILT_PRODUCTS_DIR; };
		A32D30261412EACB007C5873 /* UIKit.framework */ = {isa = PBXFileReference; lastKnownFileType = wrapper.framework; name = UIKit.framework; path = System/Library/Frameworks/UIKit.framework; sourceTree = SDKROOT; };
		A32D30281412EACB007C5873 /* Foundation.framework */ = {isa = PBXFileReference; lastKnownFileType = wrapper.framework; name = Foundation.framework; path = System/Library/Frameworks/Foundation.framework; sourceTree = SDKROOT; };
		A32D302A1412EACB007C5873 /* CoreGraphics.framework */ = {isa = PBXFileReference; lastKnownFileType = wrapper.framework; name = CoreGraphics.framework; path = System/Library/Frameworks/CoreGraphics.framework; sourceTree = SDKROOT; };
		A32D302E1412EACB007C5873 /* LemonadeAlley-Info.plist */ = {isa = PBXFileReference; lastKnownFileType = text.plist.xml; path = "LemonadeAlley-Info.plist"; sourceTree = "<group>"; };
		A32D30301412EACB007C5873 /* en */ = {isa = PBXFileReference; lastKnownFileType = text.plist.strings; name = en; path = en.lproj/InfoPlist.strings; sourceTree = "<group>"; };
		A32D30321412EACB007C5873 /* main.m */ = {isa = PBXFileReference; lastKnownFileType = sourcecode.c.objc; path = main.m; sourceTree = "<group>"; };
		A32D30341412EACB007C5873 /* LemonadeAlley-Prefix.pch */ = {isa = PBXFileReference; lastKnownFileType = sourcecode.c.h; path = "LemonadeAlley-Prefix.pch"; sourceTree = "<group>"; };
		A32D30351412EACB007C5873 /* LemonadeAlleyAppDelegate.h */ = {isa = PBXFileReference; lastKnownFileType = sourcecode.c.h; path = LemonadeAlleyAppDelegate.h; sourceTree = "<group>"; };
		A32D30361412EACB007C5873 /* LemonadeAlleyAppDelegate.m */ = {isa = PBXFileReference; lastKnownFileType = sourcecode.c.objc; path = LemonadeAlleyAppDelegate.m; sourceTree = "<group>"; };
		A32D304C1412EACC007C5873 /* LemonadeAlleyTests.octest */ = {isa = PBXFileReference; explicitFileType = wrapper.cfbundle; includeInIndex = 0; path = LemonadeAlleyTests.octest; sourceTree = BUILT_PRODUCTS_DIR; };
		A32D304D1412EACC007C5873 /* SenTestingKit.framework */ = {isa = PBXFileReference; lastKnownFileType = wrapper.framework; name = SenTestingKit.framework; path = Library/Frameworks/SenTestingKit.framework; sourceTree = DEVELOPER_DIR; };
		A32D30561412EACC007C5873 /* LemonadeAlleyTests-Info.plist */ = {isa = PBXFileReference; lastKnownFileType = text.plist.xml; path = "LemonadeAlleyTests-Info.plist"; sourceTree = "<group>"; };
		A32D30581412EACC007C5873 /* en */ = {isa = PBXFileReference; lastKnownFileType = text.plist.strings; name = en; path = en.lproj/InfoPlist.strings; sourceTree = "<group>"; };
		A32D305A1412EACC007C5873 /* LemonadeAlleyTests.h */ = {isa = PBXFileReference; lastKnownFileType = sourcecode.c.h; path = LemonadeAlleyTests.h; sourceTree = "<group>"; };
		A32D305C1412EACC007C5873 /* LemonadeAlleyTests.m */ = {isa = PBXFileReference; lastKnownFileType = sourcecode.c.objc; path = LemonadeAlleyTests.m; sourceTree = "<group>"; };
		A36B8BA2141F4426004857B6 /* 18-envelope.png */ = {isa = PBXFileReference; lastKnownFileType = image.png; path = "18-envelope.png"; sourceTree = "<group>"; };
		A3A428E41421B782008C9E0F /* Default.png */ = {isa = PBXFileReference; lastKnownFileType = image.png; path = Default.png; sourceTree = "<group>"; };
		A3C6C2CA143DA1B200FF57BB /* RestKit.xcodeproj */ = {isa = PBXFileReference; lastKnownFileType = "wrapper.pb-project"; name = RestKit.xcodeproj; path = RestKit/RestKit.xcodeproj; sourceTree = "<group>"; };
		A3C6C2F6143DA2AF00FF57BB /* CFNetwork.framework */ = {isa = PBXFileReference; lastKnownFileType = wrapper.framework; name = CFNetwork.framework; path = System/Library/Frameworks/CFNetwork.framework; sourceTree = SDKROOT; };
		A3C6C2F7143DA2AF00FF57BB /* CoreData.framework */ = {isa = PBXFileReference; lastKnownFileType = wrapper.framework; name = CoreData.framework; path = System/Library/Frameworks/CoreData.framework; sourceTree = SDKROOT; };
		A3C6C2F8143DA2AF00FF57BB /* libxml2.dylib */ = {isa = PBXFileReference; lastKnownFileType = "compiled.mach-o.dylib"; name = libxml2.dylib; path = usr/lib/libxml2.dylib; sourceTree = SDKROOT; };
		A3C6C2F9143DA2AF00FF57BB /* MobileCoreServices.framework */ = {isa = PBXFileReference; lastKnownFileType = wrapper.framework; name = MobileCoreServices.framework; path = System/Library/Frameworks/MobileCoreServices.framework; sourceTree = SDKROOT; };
		A3C6C2FA143DA2AF00FF57BB /* SystemConfiguration.framework */ = {isa = PBXFileReference; lastKnownFileType = wrapper.framework; name = SystemConfiguration.framework; path = System/Library/Frameworks/SystemConfiguration.framework; sourceTree = SDKROOT; };
		A3DB11EF144B910B00DFC686 /* NSObject+SBJSON.h */ = {isa = PBXFileReference; fileEncoding = 4; lastKnownFileType = sourcecode.c.h; path = "NSObject+SBJSON.h"; sourceTree = "<group>"; };
		A3DB11F0144B910B00DFC686 /* NSObject+SBJSON.m */ = {isa = PBXFileReference; fileEncoding = 4; lastKnownFileType = sourcecode.c.objc; path = "NSObject+SBJSON.m"; sourceTree = "<group>"; };
		A3DB11F1144B910B00DFC686 /* NSString+SBJSON.h */ = {isa = PBXFileReference; fileEncoding = 4; lastKnownFileType = sourcecode.c.h; path = "NSString+SBJSON.h"; sourceTree = "<group>"; };
		A3DB11F2144B910B00DFC686 /* NSString+SBJSON.m */ = {isa = PBXFileReference; fileEncoding = 4; lastKnownFileType = sourcecode.c.objc; path = "NSString+SBJSON.m"; sourceTree = "<group>"; };
		A3DB11F3144B910B00DFC686 /* SBJSON.h */ = {isa = PBXFileReference; fileEncoding = 4; lastKnownFileType = sourcecode.c.h; path = SBJSON.h; sourceTree = "<group>"; };
		A3DB11F4144B910B00DFC686 /* SBJSON.m */ = {isa = PBXFileReference; fileEncoding = 4; lastKnownFileType = sourcecode.c.objc; path = SBJSON.m; sourceTree = "<group>"; };
		A3DB11F5144B910B00DFC686 /* SBJsonBase.h */ = {isa = PBXFileReference; fileEncoding = 4; lastKnownFileType = sourcecode.c.h; path = SBJsonBase.h; sourceTree = "<group>"; };
		A3DB11F6144B910B00DFC686 /* SBJsonBase.m */ = {isa = PBXFileReference; fileEncoding = 4; lastKnownFileType = sourcecode.c.objc; path = SBJsonBase.m; sourceTree = "<group>"; };
		A3DB11F7144B910B00DFC686 /* SBJsonParser.h */ = {isa = PBXFileReference; fileEncoding = 4; lastKnownFileType = sourcecode.c.h; path = SBJsonParser.h; sourceTree = "<group>"; };
		A3DB11F8144B910B00DFC686 /* SBJsonParser.m */ = {isa = PBXFileReference; fileEncoding = 4; lastKnownFileType = sourcecode.c.objc; path = SBJsonParser.m; sourceTree = "<group>"; };
		A3DB11F9144B910B00DFC686 /* SBJsonWriter.h */ = {isa = PBXFileReference; fileEncoding = 4; lastKnownFileType = sourcecode.c.h; path = SBJsonWriter.h; sourceTree = "<group>"; };
		A3DB11FA144B910B00DFC686 /* SBJsonWriter.m */ = {isa = PBXFileReference; fileEncoding = 4; lastKnownFileType = sourcecode.c.objc; path = SBJsonWriter.m; sourceTree = "<group>"; };
		A3EC6824144A7AED006510F5 /* Facebook.h */ = {isa = PBXFileReference; fileEncoding = 4; lastKnownFileType = sourcecode.c.h; name = Facebook.h; path = "facebook-ios-sdk/src/Facebook.h"; sourceTree = SOURCE_ROOT; };
		A3EC6825144A7AED006510F5 /* Facebook.m */ = {isa = PBXFileReference; fileEncoding = 4; lastKnownFileType = sourcecode.c.objc; name = Facebook.m; path = "facebook-ios-sdk/src/Facebook.m"; sourceTree = SOURCE_ROOT; };
		A3EC6826144A7AED006510F5 /* FBConnect.h */ = {isa = PBXFileReference; fileEncoding = 4; lastKnownFileType = sourcecode.c.h; name = FBConnect.h; path = "facebook-ios-sdk/src/FBConnect.h"; sourceTree = SOURCE_ROOT; };
		A3EC6827144A7AED006510F5 /* FBDialog.bundle */ = {isa = PBXFileReference; lastKnownFileType = "wrapper.plug-in"; name = FBDialog.bundle; path = "facebook-ios-sdk/src/FBDialog.bundle"; sourceTree = SOURCE_ROOT; };
		A3EC6828144A7AED006510F5 /* FBDialog.h */ = {isa = PBXFileReference; fileEncoding = 4; lastKnownFileType = sourcecode.c.h; name = FBDialog.h; path = "facebook-ios-sdk/src/FBDialog.h"; sourceTree = SOURCE_ROOT; };
		A3EC6829144A7AED006510F5 /* FBDialog.m */ = {isa = PBXFileReference; fileEncoding = 4; lastKnownFileType = sourcecode.c.objc; name = FBDialog.m; path = "facebook-ios-sdk/src/FBDialog.m"; sourceTree = SOURCE_ROOT; };
		A3EC682A144A7AED006510F5 /* FBLoginDialog.h */ = {isa = PBXFileReference; fileEncoding = 4; lastKnownFileType = sourcecode.c.h; name = FBLoginDialog.h; path = "facebook-ios-sdk/src/FBLoginDialog.h"; sourceTree = SOURCE_ROOT; };
		A3EC682B144A7AED006510F5 /* FBLoginDialog.m */ = {isa = PBXFileReference; fileEncoding = 4; lastKnownFileType = sourcecode.c.objc; name = FBLoginDialog.m; path = "facebook-ios-sdk/src/FBLoginDialog.m"; sourceTree = SOURCE_ROOT; };
		A3EC682C144A7AED006510F5 /* FBRequest.h */ = {isa = PBXFileReference; fileEncoding = 4; lastKnownFileType = sourcecode.c.h; name = FBRequest.h; path = "facebook-ios-sdk/src/FBRequest.h"; sourceTree = SOURCE_ROOT; };
		A3EC682D144A7AED006510F5 /* FBRequest.m */ = {isa = PBXFileReference; fileEncoding = 4; lastKnownFileType = sourcecode.c.objc; name = FBRequest.m; path = "facebook-ios-sdk/src/FBRequest.m"; sourceTree = SOURCE_ROOT; };
		A3EC682F144A7AED006510F5 /* JSON.h */ = {isa = PBXFileReference; fileEncoding = 4; lastKnownFileType = sourcecode.c.h; path = JSON.h; sourceTree = "<group>"; };
		A3F2A1111418652E00DADAD0 /* QuartzCore.framework */ = {isa = PBXFileReference; lastKnownFileType = wrapper.framework; name = QuartzCore.framework; path = System/Library/Frameworks/QuartzCore.framework; sourceTree = SDKROOT; };
/* End PBXFileReference section */

/* Begin PBXFrameworksBuildPhase section */
		A32D301F1412EACB007C5873 /* Frameworks */ = {
			isa = PBXFrameworksBuildPhase;
			buildActionMask = 2147483647;
			files = (
				A3C6C300143DA2F000FF57BB /* libRestKitJSONParserJSONKit.a in Frameworks */,
				A3C6C301143DA2F000FF57BB /* libRestKitNetwork.a in Frameworks */,
				A3C6C302143DA2F000FF57BB /* libRestKitObjectMapping.a in Frameworks */,
				A3C6C303143DA2F000FF57BB /* libRestKitSupport.a in Frameworks */,
				A3C6C2FB143DA2AF00FF57BB /* CFNetwork.framework in Frameworks */,
				A3C6C2FC143DA2AF00FF57BB /* CoreData.framework in Frameworks */,
				A3C6C2FD143DA2AF00FF57BB /* libxml2.dylib in Frameworks */,
				A3C6C2FE143DA2AF00FF57BB /* MobileCoreServices.framework in Frameworks */,
				A3C6C2FF143DA2AF00FF57BB /* SystemConfiguration.framework in Frameworks */,
				320AF8492C47A4D819F7C451 /* QuartzCore.framework in Frameworks */,
				A3F2A1121418652F00DADAD0 /* QuartzCore.framework in Frameworks */,
				A32D30271412EACB007C5873 /* UIKit.framework in Frameworks */,
				A32D30291412EACB007C5873 /* Foundation.framework in Frameworks */,
				A32D302B1412EACB007C5873 /* CoreGraphics.framework in Frameworks */,
			);
			runOnlyForDeploymentPostprocessing = 0;
		};
		A32D30481412EACC007C5873 /* Frameworks */ = {
			isa = PBXFrameworksBuildPhase;
			buildActionMask = 2147483647;
			files = (
				A32D304E1412EACC007C5873 /* SenTestingKit.framework in Frameworks */,
				A32D304F1412EACC007C5873 /* UIKit.framework in Frameworks */,
				A32D30501412EACC007C5873 /* Foundation.framework in Frameworks */,
				A32D30511412EACC007C5873 /* CoreGraphics.framework in Frameworks */,
			);
			runOnlyForDeploymentPostprocessing = 0;
		};
/* End PBXFrameworksBuildPhase section */

/* Begin PBXGroup section */
		A32D30171412EACB007C5873 = {
			isa = PBXGroup;
			children = (
				A32D302C1412EACB007C5873 /* LemonadeAlley */,
				A32D30541412EACC007C5873 /* LemonadeAlleyTests */,
				A32D30251412EACB007C5873 /* Frameworks */,
				A32D30231412EACB007C5873 /* Products */,
			);
			sourceTree = "<group>";
		};
		A32D30231412EACB007C5873 /* Products */ = {
			isa = PBXGroup;
			children = (
				A32D30221412EACB007C5873 /* LemonadeAlley.app */,
				A32D304C1412EACC007C5873 /* LemonadeAlleyTests.octest */,
			);
			name = Products;
			sourceTree = "<group>";
		};
		A32D30251412EACB007C5873 /* Frameworks */ = {
			isa = PBXGroup;
			children = (
				A3C6C2F6143DA2AF00FF57BB /* CFNetwork.framework */,
				A3C6C2F7143DA2AF00FF57BB /* CoreData.framework */,
				A3C6C2F8143DA2AF00FF57BB /* libxml2.dylib */,
				A3C6C2F9143DA2AF00FF57BB /* MobileCoreServices.framework */,
				A3C6C2FA143DA2AF00FF57BB /* SystemConfiguration.framework */,
				A3C6C2CA143DA1B200FF57BB /* RestKit.xcodeproj */,
				320AF8492C47A4D819F7C450 /* QuartzCore.framework */,
				A3F2A1111418652E00DADAD0 /* QuartzCore.framework */,
				A32D30261412EACB007C5873 /* UIKit.framework */,
				A32D30281412EACB007C5873 /* Foundation.framework */,
				A32D302A1412EACB007C5873 /* CoreGraphics.framework */,
				A32D304D1412EACC007C5873 /* SenTestingKit.framework */,
			);
			name = Frameworks;
			sourceTree = "<group>";
		};
		A32D302C1412EACB007C5873 /* LemonadeAlley */ = {
			isa = PBXGroup;
			children = (
				A3EC6823144A7AE5006510F5 /* FBConnect */,
				A35DD7EB141C483600AD5EBB /* GUI */,
				A32D30351412EACB007C5873 /* LemonadeAlleyAppDelegate.h */,
				A32D30361412EACB007C5873 /* LemonadeAlleyAppDelegate.m */,
				A32D302D1412EACB007C5873 /* Supporting Files */,
			);
			path = LemonadeAlley;
			sourceTree = "<group>";
		};
		A32D302D1412EACB007C5873 /* Supporting Files */ = {
			isa = PBXGroup;
			children = (
				A32D30701412F484007C5873 /* Images */,
				A32D302F1412EACB007C5873 /* InfoPlist.strings */,
				A32D302E1412EACB007C5873 /* LemonadeAlley-Info.plist */,
				A32D30321412EACB007C5873 /* main.m */,
				A32D30341412EACB007C5873 /* LemonadeAlley-Prefix.pch */,
			);
			name = "Supporting Files";
			sourceTree = "<group>";
		};
		A32D30541412EACC007C5873 /* LemonadeAlleyTests */ = {
			isa = PBXGroup;
			children = (
				A32D305A1412EACC007C5873 /* LemonadeAlleyTests.h */,
				A32D305C1412EACC007C5873 /* LemonadeAlleyTests.m */,
				A32D30551412EACC007C5873 /* Supporting Files */,
			);
			path = LemonadeAlleyTests;
			sourceTree = "<group>";
		};
		A32D30551412EACC007C5873 /* Supporting Files */ = {
			isa = PBXGroup;
			children = (
				A32D30561412EACC007C5873 /* LemonadeAlleyTests-Info.plist */,
				A32D30571412EACC007C5873 /* InfoPlist.strings */,
			);
			name = "Supporting Files";
			sourceTree = "<group>";
		};
		A32D30701412F484007C5873 /* Images */ = {
			isa = PBXGroup;
			children = (
				A3A428E41421B782008C9E0F /* Default.png */,
				A36B8BA2141F4426004857B6 /* 18-envelope.png */,
			);
			name = Images;
			sourceTree = "<group>";
		};
		A35DD7EB141C483600AD5EBB /* GUI */ = {
			isa = PBXGroup;
			children = (
			);
			name = GUI;
			sourceTree = "<group>";
		};
		A3C6C2CB143DA1B200FF57BB /* Products */ = {
			isa = PBXGroup;
			children = (
				A3C6C2DF143DA1B200FF57BB /* libRestKitNetwork.a */,
				A3C6C2E1143DA1B200FF57BB /* libRestKitObjectMapping.a */,
				A3C6C2E3143DA1B200FF57BB /* libRestKitSupport.a */,
				A3C6C2E5143DA1B200FF57BB /* libRestKitJSONParserNXJSON.a */,
				A3C6C2E7143DA1B200FF57BB /* libRestKitJSONParserYAJL.a */,
				A3C6C2E9143DA1B200FF57BB /* libRestKitJSONParserSBJSON.a */,
				A3C6C2EB143DA1B200FF57BB /* libRestKitJSONParserJSONKit.a */,
				A3C6C2ED143DA1B200FF57BB /* libRestKitXMLParserLibxml.a */,
				A3C6C2EF143DA1B200FF57BB /* libRestKitCoreData.a */,
				A3C6C2F1143DA1B200FF57BB /* libRestKitThree20.a */,
				A3C6C2F3143DA1B200FF57BB /* RestKitSpecs.app */,
			);
			name = Products;
			sourceTree = "<group>";
		};
		A3EC6823144A7AE5006510F5 /* FBConnect */ = {
			isa = PBXGroup;
			children = (
				A3EC6824144A7AED006510F5 /* Facebook.h */,
				A3EC6825144A7AED006510F5 /* Facebook.m */,
				A3EC6826144A7AED006510F5 /* FBConnect.h */,
				A3EC6827144A7AED006510F5 /* FBDialog.bundle */,
				A3EC6828144A7AED006510F5 /* FBDialog.h */,
				A3EC6829144A7AED006510F5 /* FBDialog.m */,
				A3EC682A144A7AED006510F5 /* FBLoginDialog.h */,
				A3EC682B144A7AED006510F5 /* FBLoginDialog.m */,
				A3EC682C144A7AED006510F5 /* FBRequest.h */,
				A3EC682D144A7AED006510F5 /* FBRequest.m */,
				A3EC682E144A7AED006510F5 /* JSON */,
			);
			name = FBConnect;
			sourceTree = "<group>";
		};
		A3EC682E144A7AED006510F5 /* JSON */ = {
			isa = PBXGroup;
			children = (
				A3EC682F144A7AED006510F5 /* JSON.h */,
				A3DB11EF144B910B00DFC686 /* NSObject+SBJSON.h */,
				A3DB11F0144B910B00DFC686 /* NSObject+SBJSON.m */,
				A3DB11F1144B910B00DFC686 /* NSString+SBJSON.h */,
				A3DB11F2144B910B00DFC686 /* NSString+SBJSON.m */,
				A3DB11F3144B910B00DFC686 /* SBJSON.h */,
				A3DB11F4144B910B00DFC686 /* SBJSON.m */,
				A3DB11F5144B910B00DFC686 /* SBJsonBase.h */,
				A3DB11F6144B910B00DFC686 /* SBJsonBase.m */,
				A3DB11F7144B910B00DFC686 /* SBJsonParser.h */,
				A3DB11F8144B910B00DFC686 /* SBJsonParser.m */,
				A3DB11F9144B910B00DFC686 /* SBJsonWriter.h */,
				A3DB11FA144B910B00DFC686 /* SBJsonWriter.m */,
			);
			name = JSON;
			path = "facebook-ios-sdk/src/JSON";
			sourceTree = SOURCE_ROOT;
		};
/* End PBXGroup section */

/* Begin PBXNativeTarget section */
		A32D30211412EACB007C5873 /* LemonadeAlley */ = {
			isa = PBXNativeTarget;
			buildConfigurationList = A32D30601412EACC007C5873 /* Build configuration list for PBXNativeTarget "LemonadeAlley" */;
			buildPhases = (
				A32D301E1412EACB007C5873 /* Sources */,
				A32D301F1412EACB007C5873 /* Frameworks */,
				A32D30201412EACB007C5873 /* Resources */,
			);
			buildRules = (
			);
			dependencies = (
				A3C6C2F5143DA26900FF57BB /* PBXTargetDependency */,
			);
			name = LemonadeAlley;
			productName = LemonadeAlley;
			productReference = A32D30221412EACB007C5873 /* LemonadeAlley.app */;
			productType = "com.apple.product-type.application";
		};
		A32D304B1412EACC007C5873 /* LemonadeAlleyTests */ = {
			isa = PBXNativeTarget;
			buildConfigurationList = A32D30631412EACC007C5873 /* Build configuration list for PBXNativeTarget "LemonadeAlleyTests" */;
			buildPhases = (
				A32D30471412EACC007C5873 /* Sources */,
				A32D30481412EACC007C5873 /* Frameworks */,
				A32D30491412EACC007C5873 /* Resources */,
				A32D304A1412EACC007C5873 /* ShellScript */,
			);
			buildRules = (
			);
			dependencies = (
				A32D30531412EACC007C5873 /* PBXTargetDependency */,
			);
			name = LemonadeAlleyTests;
			productName = LemonadeAlleyTests;
			productReference = A32D304C1412EACC007C5873 /* LemonadeAlleyTests.octest */;
			productType = "com.apple.product-type.bundle";
		};
/* End PBXNativeTarget section */

/* Begin PBXProject section */
		A32D30191412EACB007C5873 /* Project object */ = {
			isa = PBXProject;
			buildConfigurationList = A32D301C1412EACB007C5873 /* Build configuration list for PBXProject "LemonadeAlley" */;
			compatibilityVersion = "Xcode 3.2";
			developmentRegion = English;
			hasScannedForEncodings = 0;
			knownRegions = (
				en,
			);
			mainGroup = A32D30171412EACB007C5873;
			productRefGroup = A32D30231412EACB007C5873 /* Products */;
			projectDirPath = "";
			projectReferences = (
				{
					ProductGroup = A3C6C2CB143DA1B200FF57BB /* Products */;
					ProjectRef = A3C6C2CA143DA1B200FF57BB /* RestKit.xcodeproj */;
				},
			);
			projectRoot = "";
			targets = (
				A32D30211412EACB007C5873 /* LemonadeAlley */,
				A32D304B1412EACC007C5873 /* LemonadeAlleyTests */,
			);
		};
/* End PBXProject section */

/* Begin PBXReferenceProxy section */
		A3C6C2DF143DA1B200FF57BB /* libRestKitNetwork.a */ = {
			isa = PBXReferenceProxy;
			fileType = archive.ar;
			path = libRestKitNetwork.a;
			remoteRef = A3C6C2DE143DA1B200FF57BB /* PBXContainerItemProxy */;
			sourceTree = BUILT_PRODUCTS_DIR;
		};
		A3C6C2E1143DA1B200FF57BB /* libRestKitObjectMapping.a */ = {
			isa = PBXReferenceProxy;
			fileType = archive.ar;
			path = libRestKitObjectMapping.a;
			remoteRef = A3C6C2E0143DA1B200FF57BB /* PBXContainerItemProxy */;
			sourceTree = BUILT_PRODUCTS_DIR;
		};
		A3C6C2E3143DA1B200FF57BB /* libRestKitSupport.a */ = {
			isa = PBXReferenceProxy;
			fileType = archive.ar;
			path = libRestKitSupport.a;
			remoteRef = A3C6C2E2143DA1B200FF57BB /* PBXContainerItemProxy */;
			sourceTree = BUILT_PRODUCTS_DIR;
		};
		A3C6C2E5143DA1B200FF57BB /* libRestKitJSONParserNXJSON.a */ = {
			isa = PBXReferenceProxy;
			fileType = archive.ar;
			path = libRestKitJSONParserNXJSON.a;
			remoteRef = A3C6C2E4143DA1B200FF57BB /* PBXContainerItemProxy */;
			sourceTree = BUILT_PRODUCTS_DIR;
		};
		A3C6C2E7143DA1B200FF57BB /* libRestKitJSONParserYAJL.a */ = {
			isa = PBXReferenceProxy;
			fileType = archive.ar;
			path = libRestKitJSONParserYAJL.a;
			remoteRef = A3C6C2E6143DA1B200FF57BB /* PBXContainerItemProxy */;
			sourceTree = BUILT_PRODUCTS_DIR;
		};
		A3C6C2E9143DA1B200FF57BB /* libRestKitJSONParserSBJSON.a */ = {
			isa = PBXReferenceProxy;
			fileType = archive.ar;
			path = libRestKitJSONParserSBJSON.a;
			remoteRef = A3C6C2E8143DA1B200FF57BB /* PBXContainerItemProxy */;
			sourceTree = BUILT_PRODUCTS_DIR;
		};
		A3C6C2EB143DA1B200FF57BB /* libRestKitJSONParserJSONKit.a */ = {
			isa = PBXReferenceProxy;
			fileType = archive.ar;
			path = libRestKitJSONParserJSONKit.a;
			remoteRef = A3C6C2EA143DA1B200FF57BB /* PBXContainerItemProxy */;
			sourceTree = BUILT_PRODUCTS_DIR;
		};
		A3C6C2ED143DA1B200FF57BB /* libRestKitXMLParserLibxml.a */ = {
			isa = PBXReferenceProxy;
			fileType = archive.ar;
			path = libRestKitXMLParserLibxml.a;
			remoteRef = A3C6C2EC143DA1B200FF57BB /* PBXContainerItemProxy */;
			sourceTree = BUILT_PRODUCTS_DIR;
		};
		A3C6C2EF143DA1B200FF57BB /* libRestKitCoreData.a */ = {
			isa = PBXReferenceProxy;
			fileType = archive.ar;
			path = libRestKitCoreData.a;
			remoteRef = A3C6C2EE143DA1B200FF57BB /* PBXContainerItemProxy */;
			sourceTree = BUILT_PRODUCTS_DIR;
		};
		A3C6C2F1143DA1B200FF57BB /* libRestKitThree20.a */ = {
			isa = PBXReferenceProxy;
			fileType = archive.ar;
			path = libRestKitThree20.a;
			remoteRef = A3C6C2F0143DA1B200FF57BB /* PBXContainerItemProxy */;
			sourceTree = BUILT_PRODUCTS_DIR;
		};
		A3C6C2F3143DA1B200FF57BB /* RestKitSpecs.app */ = {
			isa = PBXReferenceProxy;
			fileType = wrapper.application;
			path = RestKitSpecs.app;
			remoteRef = A3C6C2F2143DA1B200FF57BB /* PBXContainerItemProxy */;
			sourceTree = BUILT_PRODUCTS_DIR;
		};
/* End PBXReferenceProxy section */

/* Begin PBXResourcesBuildPhase section */
		A32D30201412EACB007C5873 /* Resources */ = {
			isa = PBXResourcesBuildPhase;
			buildActionMask = 2147483647;
			files = (
				A32D30311412EACB007C5873 /* InfoPlist.strings in Resources */,
				A36B8BA3141F4426004857B6 /* 18-envelope.png in Resources */,
				A3A428E51421B782008C9E0F /* Default.png in Resources */,
				A3EC683D144A7AED006510F5 /* FBDialog.bundle in Resources */,
			);
			runOnlyForDeploymentPostprocessing = 0;
		};
		A32D30491412EACC007C5873 /* Resources */ = {
			isa = PBXResourcesBuildPhase;
			buildActionMask = 2147483647;
			files = (
				A32D30591412EACC007C5873 /* InfoPlist.strings in Resources */,
				A32D305B1412EACC007C5873 /* LemonadeAlleyTests.h in Resources */,
			);
			runOnlyForDeploymentPostprocessing = 0;
		};
/* End PBXResourcesBuildPhase section */

/* Begin PBXShellScriptBuildPhase section */
		A32D304A1412EACC007C5873 /* ShellScript */ = {
			isa = PBXShellScriptBuildPhase;
			buildActionMask = 2147483647;
			files = (
			);
			inputPaths = (
			);
			outputPaths = (
			);
			runOnlyForDeploymentPostprocessing = 0;
			shellPath = /bin/sh;
			shellScript = "# Run the unit tests in this test bundle.\n\"${SYSTEM_DEVELOPER_DIR}/Tools/RunUnitTests\"\n";
		};
/* End PBXShellScriptBuildPhase section */

/* Begin PBXSourcesBuildPhase section */
		A32D301E1412EACB007C5873 /* Sources */ = {
			isa = PBXSourcesBuildPhase;
			buildActionMask = 2147483647;
			files = (
				A32D30331412EACB007C5873 /* main.m in Sources */,
				A32D30371412EACB007C5873 /* LemonadeAlleyAppDelegate.m in Sources */,
				A3EC683C144A7AED006510F5 /* Facebook.m in Sources */,
				A3EC683E144A7AED006510F5 /* FBDialog.m in Sources */,
				A3EC683F144A7AED006510F5 /* FBLoginDialog.m in Sources */,
				A3EC6840144A7AED006510F5 /* FBRequest.m in Sources */,
				A3DB11FB144B910B00DFC686 /* NSObject+SBJSON.m in Sources */,
				A3DB11FC144B910B00DFC686 /* NSString+SBJSON.m in Sources */,
				A3DB11FD144B910B00DFC686 /* SBJSON.m in Sources */,
				A3DB11FE144B910B00DFC686 /* SBJsonBase.m in Sources */,
				A3DB11FF144B910B00DFC686 /* SBJsonParser.m in Sources */,
				A3DB1200144B910B00DFC686 /* SBJsonWriter.m in Sources */,
			);
			runOnlyForDeploymentPostprocessing = 0;
		};
		A32D30471412EACC007C5873 /* Sources */ = {
			isa = PBXSourcesBuildPhase;
			buildActionMask = 2147483647;
			files = (
				A32D305D1412EACC007C5873 /* LemonadeAlleyTests.m in Sources */,
			);
			runOnlyForDeploymentPostprocessing = 0;
		};
/* End PBXSourcesBuildPhase section */

/* Begin PBXTargetDependency section */
		A32D30531412EACC007C5873 /* PBXTargetDependency */ = {
			isa = PBXTargetDependency;
			target = A32D30211412EACB007C5873 /* LemonadeAlley */;
			targetProxy = A32D30521412EACC007C5873 /* PBXContainerItemProxy */;
		};
		A3C6C2F5143DA26900FF57BB /* PBXTargetDependency */ = {
			isa = PBXTargetDependency;
			name = RestKit;
			targetProxy = A3C6C2F4143DA26900FF57BB /* PBXContainerItemProxy */;
		};
/* End PBXTargetDependency section */

/* Begin PBXVariantGroup section */
		A32D302F1412EACB007C5873 /* InfoPlist.strings */ = {
			isa = PBXVariantGroup;
			children = (
				A32D30301412EACB007C5873 /* en */,
			);
			name = InfoPlist.strings;
			sourceTree = "<group>";
		};
		A32D30571412EACC007C5873 /* InfoPlist.strings */ = {
			isa = PBXVariantGroup;
			children = (
				A32D30581412EACC007C5873 /* en */,
			);
			name = InfoPlist.strings;
			sourceTree = "<group>";
		};
/* End PBXVariantGroup section */

/* Begin XCBuildConfiguration section */
		A32D305E1412EACC007C5873 /* Debug */ = {
			isa = XCBuildConfiguration;
			buildSettings = {
				ALWAYS_SEARCH_USER_PATHS = NO;
				ARCHS = "$(ARCHS_STANDARD_32_BIT)";
				CODE_SIGN_IDENTITY = "";
				"CODE_SIGN_IDENTITY[sdk=iphoneos*]" = "iPhone Developer";
				COPY_PHASE_STRIP = NO;
				GCC_C_LANGUAGE_STANDARD = gnu99;
				GCC_DYNAMIC_NO_PIC = NO;
				GCC_OPTIMIZATION_LEVEL = 0;
				GCC_PREPROCESSOR_DEFINITIONS = (
					"DEBUG=1",
					"$(inherited)",
				);
				GCC_SYMBOLS_PRIVATE_EXTERN = NO;
				GCC_VERSION = com.apple.compilers.llvmgcc42;
				GCC_WARN_ABOUT_MISSING_PROTOTYPES = YES;
				GCC_WARN_ABOUT_RETURN_TYPE = YES;
				GCC_WARN_UNUSED_VARIABLE = YES;
				HEADER_SEARCH_PATHS = (
					"$(SOURCE_ROOT)/RestKit/Build",
					"$(BUILT_PRODUCTS_DIR)/../three20",
					"$(BUILT_PRODUCTS_DIR)/../../three20",
					three20/Build/Products/three20,
				);
				IPHONEOS_DEPLOYMENT_TARGET = 4.3;
				OTHER_LDFLAGS = "-ObjC";
				SDKROOT = iphoneos;
			};
			name = Debug;
		};
		A32D305F1412EACC007C5873 /* Release */ = {
			isa = XCBuildConfiguration;
			buildSettings = {
				ALWAYS_SEARCH_USER_PATHS = NO;
				ARCHS = "$(ARCHS_STANDARD_32_BIT)";
				CODE_SIGN_IDENTITY = "";
				"CODE_SIGN_IDENTITY[sdk=iphoneos*]" = "iPhone Developer";
				COPY_PHASE_STRIP = YES;
				GCC_C_LANGUAGE_STANDARD = gnu99;
				GCC_VERSION = com.apple.compilers.llvmgcc42;
				GCC_WARN_ABOUT_MISSING_PROTOTYPES = YES;
				GCC_WARN_ABOUT_RETURN_TYPE = YES;
				GCC_WARN_UNUSED_VARIABLE = YES;
				HEADER_SEARCH_PATHS = (
					"$(SOURCE_ROOT)/RestKit/Build",
					"$(BUILT_PRODUCTS_DIR)/../three20",
					"$(BUILT_PRODUCTS_DIR)/../../three20",
					three20/Build/Products/three20,
				);
				IPHONEOS_DEPLOYMENT_TARGET = 4.3;
				OTHER_CFLAGS = "-DNS_BLOCK_ASSERTIONS=1";
				OTHER_LDFLAGS = "-ObjC";
				SDKROOT = iphoneos;
				VALIDATE_PRODUCT = YES;
			};
			name = Release;
		};
		A32D30611412EACC007C5873 /* Debug */ = {
			isa = XCBuildConfiguration;
			buildSettings = {
				CODE_SIGN_IDENTITY = "";
				"CODE_SIGN_IDENTITY[sdk=iphoneos*]" = "";
				GCC_PRECOMPILE_PREFIX_HEADER = YES;
				GCC_PREFIX_HEADER = "LemonadeAlley/LemonadeAlley-Prefix.pch";
				HEADER_SEARCH_PATHS = "";
				INFOPLIST_FILE = "LemonadeAlley/LemonadeAlley-Info.plist";
				OTHER_LDFLAGS = (
					"-ObjC",
					"-all_load",
				);
				PRODUCT_NAME = "$(TARGET_NAME)";
				WRAPPER_EXTENSION = app;
			};
			name = Debug;
		};
		A32D30621412EACC007C5873 /* Release */ = {
			isa = XCBuildConfiguration;
			buildSettings = {
				CODE_SIGN_IDENTITY = "";
				"CODE_SIGN_IDENTITY[sdk=iphoneos*]" = "";
				GCC_PRECOMPILE_PREFIX_HEADER = YES;
				GCC_PREFIX_HEADER = "LemonadeAlley/LemonadeAlley-Prefix.pch";
				HEADER_SEARCH_PATHS = "";
				INFOPLIST_FILE = "LemonadeAlley/LemonadeAlley-Info.plist";
				OTHER_LDFLAGS = (
					"-ObjC",
					"-all_load",
				);
				PRODUCT_NAME = "$(TARGET_NAME)";
				WRAPPER_EXTENSION = app;
			};
			name = Release;
		};
		A32D30641412EACC007C5873 /* Debug */ = {
			isa = XCBuildConfiguration;
			buildSettings = {
				BUNDLE_LOADER = "$(BUILT_PRODUCTS_DIR)/LemonadeAlley.app/LemonadeAlley";
				FRAMEWORK_SEARCH_PATHS = (
					"$(SDKROOT)/Developer/Library/Frameworks",
					"$(DEVELOPER_LIBRARY_DIR)/Frameworks",
				);
				GCC_PRECOMPILE_PREFIX_HEADER = YES;
				GCC_PREFIX_HEADER = "LemonadeAlley/LemonadeAlley-Prefix.pch";
				INFOPLIST_FILE = "LemonadeAlleyTests/LemonadeAlleyTests-Info.plist";
				PRODUCT_NAME = "$(TARGET_NAME)";
				TEST_HOST = "$(BUNDLE_LOADER)";
				WRAPPER_EXTENSION = octest;
			};
			name = Debug;
		};
		A32D30651412EACC007C5873 /* Release */ = {
			isa = XCBuildConfiguration;
			buildSettings = {
				BUNDLE_LOADER = "$(BUILT_PRODUCTS_DIR)/LemonadeAlley.app/LemonadeAlley";
				FRAMEWORK_SEARCH_PATHS = (
					"$(SDKROOT)/Developer/Library/Frameworks",
					"$(DEVELOPER_LIBRARY_DIR)/Frameworks",
				);
				GCC_PRECOMPILE_PREFIX_HEADER = YES;
				GCC_PREFIX_HEADER = "LemonadeAlley/LemonadeAlley-Prefix.pch";
				INFOPLIST_FILE = "LemonadeAlleyTests/LemonadeAlleyTests-Info.plist";
				PRODUCT_NAME = "$(TARGET_NAME)";
				TEST_HOST = "$(BUNDLE_LOADER)";
				WRAPPER_EXTENSION = octest;
			};
			name = Release;
		};
/* End XCBuildConfiguration section */

/* Begin XCConfigurationList section */
		A32D301C1412EACB007C5873 /* Build configuration list for PBXProject "LemonadeAlley" */ = {
			isa = XCConfigurationList;
			buildConfigurations = (
				A32D305E1412EACC007C5873 /* Debug */,
				A32D305F1412EACC007C5873 /* Release */,
			);
			defaultConfigurationIsVisible = 0;
			defaultConfigurationName = Release;
		};
		A32D30601412EACC007C5873 /* Build configuration list for PBXNativeTarget "LemonadeAlley" */ = {
			isa = XCConfigurationList;
			buildConfigurations = (
				A32D30611412EACC007C5873 /* Debug */,
				A32D30621412EACC007C5873 /* Release */,
			);
			defaultConfigurationIsVisible = 0;
			defaultConfigurationName = Release;
		};
		A32D30631412EACC007C5873 /* Build configuration list for PBXNativeTarget "LemonadeAlleyTests" */ = {
			isa = XCConfigurationList;
			buildConfigurations = (
				A32D30641412EACC007C5873 /* Debug */,
				A32D30651412EACC007C5873 /* Release */,
			);
			defaultConfigurationIsVisible = 0;
			defaultConfigurationName = Release;
		};
/* End XCConfigurationList section */
	};
	rootObject = A32D30191412EACB007C5873 /* Project object */;
}
