// !$*UTF8*$!
{
	archiveVersion = 1;
	classes = {
	};
	objectVersion = 46;
	objects = {

/* Begin PBXBuildFile section */
		3201088596B4756681693705 /* libThree20UICommon.a in Frameworks */ = {isa = PBXBuildFile; fileRef = 3201088596B4756681693704 /* libThree20UICommon.a */; };
		320A2827FEC940B25BC42C65 /* libThree20Core.a in Frameworks */ = {isa = PBXBuildFile; fileRef = 320A2827FEC940B25BC42C64 /* libThree20Core.a */; };
		320A5A189C235877202780D5 /* libThree20Network.a in Frameworks */ = {isa = PBXBuildFile; fileRef = 320A5A189C235877202780D4 /* libThree20Network.a */; };
		320A737074758E53BA54BE95 /* libThree20UINavigator.a in Frameworks */ = {isa = PBXBuildFile; fileRef = 320A737074758E53BA54BE94 /* libThree20UINavigator.a */; };
		320AF8492C47A4D819F7C451 /* QuartzCore.framework in Frameworks */ = {isa = PBXBuildFile; fileRef = 320AF8492C47A4D819F7C450 /* QuartzCore.framework */; };
		320B6C86F11D9990244A9731 /* Three20.bundle in Resources */ = {isa = PBXBuildFile; fileRef = 320B6C86F11D9990244A9730 /* Three20.bundle */; };
		320CC833B8AF0ACFD35E6225 /* libThree20Style.a in Frameworks */ = {isa = PBXBuildFile; fileRef = 320CC833B8AF0ACFD35E6224 /* libThree20Style.a */; };
		320D7DCCE32703ACAB9A45E5 /* libThree20.a in Frameworks */ = {isa = PBXBuildFile; fileRef = 320D7DCCE32703ACAB9A45E4 /* libThree20.a */; };
		320F2C48872C2E2C4DF86205 /* libThree20UI.a in Frameworks */ = {isa = PBXBuildFile; fileRef = 320F2C48872C2E2C4DF86204 /* libThree20UI.a */; };
		A32D30271412EACB007C5873 /* UIKit.framework in Frameworks */ = {isa = PBXBuildFile; fileRef = A32D30261412EACB007C5873 /* UIKit.framework */; };
		A32D30291412EACB007C5873 /* Foundation.framework in Frameworks */ = {isa = PBXBuildFile; fileRef = A32D30281412EACB007C5873 /* Foundation.framework */; };
		A32D302B1412EACB007C5873 /* CoreGraphics.framework in Frameworks */ = {isa = PBXBuildFile; fileRef = A32D302A1412EACB007C5873 /* CoreGraphics.framework */; };
		A32D30311412EACB007C5873 /* InfoPlist.strings in Resources */ = {isa = PBXBuildFile; fileRef = A32D302F1412EACB007C5873 /* InfoPlist.strings */; };
		A32D30331412EACB007C5873 /* main.m in Sources */ = {isa = PBXBuildFile; fileRef = A32D30321412EACB007C5873 /* main.m */; };
		A32D30371412EACB007C5873 /* LemonadeAlleyAppDelegate.m in Sources */ = {isa = PBXBuildFile; fileRef = A32D30361412EACB007C5873 /* LemonadeAlleyAppDelegate.m */; };
		A32D303D1412EACB007C5873 /* FirstViewController.m in Sources */ = {isa = PBXBuildFile; fileRef = A32D303C1412EACB007C5873 /* FirstViewController.m */; };
		A32D30401412EACB007C5873 /* SecondViewController.m in Sources */ = {isa = PBXBuildFile; fileRef = A32D303F1412EACB007C5873 /* SecondViewController.m */; };
		A32D30431412EACB007C5873 /* FirstView.xib in Resources */ = {isa = PBXBuildFile; fileRef = A32D30411412EACB007C5873 /* FirstView.xib */; };
		A32D30461412EACB007C5873 /* SecondView.xib in Resources */ = {isa = PBXBuildFile; fileRef = A32D30441412EACB007C5873 /* SecondView.xib */; };
		A32D304E1412EACC007C5873 /* SenTestingKit.framework in Frameworks */ = {isa = PBXBuildFile; fileRef = A32D304D1412EACC007C5873 /* SenTestingKit.framework */; };
		A32D304F1412EACC007C5873 /* UIKit.framework in Frameworks */ = {isa = PBXBuildFile; fileRef = A32D30261412EACB007C5873 /* UIKit.framework */; };
		A32D30501412EACC007C5873 /* Foundation.framework in Frameworks */ = {isa = PBXBuildFile; fileRef = A32D30281412EACB007C5873 /* Foundation.framework */; };
		A32D30511412EACC007C5873 /* CoreGraphics.framework in Frameworks */ = {isa = PBXBuildFile; fileRef = A32D302A1412EACB007C5873 /* CoreGraphics.framework */; };
		A32D30591412EACC007C5873 /* InfoPlist.strings in Resources */ = {isa = PBXBuildFile; fileRef = A32D30571412EACC007C5873 /* InfoPlist.strings */; };
		A32D305B1412EACC007C5873 /* LemonadeAlleyTests.h in Resources */ = {isa = PBXBuildFile; fileRef = A32D305A1412EACC007C5873 /* LemonadeAlleyTests.h */; };
		A32D305D1412EACC007C5873 /* LemonadeAlleyTests.m in Sources */ = {isa = PBXBuildFile; fileRef = A32D305C1412EACC007C5873 /* LemonadeAlleyTests.m */; };
		A333DE711417654500254DA0 /* InfoDetailsViewController.m in Sources */ = {isa = PBXBuildFile; fileRef = A333DE6F1417654500254DA0 /* InfoDetailsViewController.m */; };
		A333DE721417654500254DA0 /* InfoDetailsView.xib in Resources */ = {isa = PBXBuildFile; fileRef = A333DE701417654500254DA0 /* InfoDetailsView.xib */; };
		A36B8BA3141F4426004857B6 /* 18-envelope.png in Resources */ = {isa = PBXBuildFile; fileRef = A36B8BA2141F4426004857B6 /* 18-envelope.png */; };
		A36B8BDF141F46E8004857B6 /* GTMNSString+HTML.m in Sources */ = {isa = PBXBuildFile; fileRef = A36B8BDE141F46E8004857B6 /* GTMNSString+HTML.m */; };
		A36B8C15141F4795004857B6 /* TableCellDisclosure.m in Sources */ = {isa = PBXBuildFile; fileRef = A36B8BEF141F4795004857B6 /* TableCellDisclosure.m */; };
		A36B8C16141F4795004857B6 /* TableItemDisclosure.m in Sources */ = {isa = PBXBuildFile; fileRef = A36B8BF1141F4795004857B6 /* TableItemDisclosure.m */; };
		A36B8C19141F4795004857B6 /* WordPressAddCommentViewController.m in Sources */ = {isa = PBXBuildFile; fileRef = A36B8BF8141F4795004857B6 /* WordPressAddCommentViewController.m */; };
		A36B8C1A141F4795004857B6 /* WordPressBaseTableViewController.m in Sources */ = {isa = PBXBuildFile; fileRef = A36B8BFA141F4795004857B6 /* WordPressBaseTableViewController.m */; };
		A36B8C1B141F4795004857B6 /* WordPressBlogViewController.m in Sources */ = {isa = PBXBuildFile; fileRef = A36B8BFC141F4795004857B6 /* WordPressBlogViewController.m */; };
		A36B8C1C141F4795004857B6 /* WordPressCategory.m in Sources */ = {isa = PBXBuildFile; fileRef = A36B8BFE141F4795004857B6 /* WordPressCategory.m */; };
		A36B8C1D141F4795004857B6 /* WordPressComment.m in Sources */ = {isa = PBXBuildFile; fileRef = A36B8C00141F4795004857B6 /* WordPressComment.m */; };
		A36B8C1E141F4795004857B6 /* WordPressCommentDataSource.m in Sources */ = {isa = PBXBuildFile; fileRef = A36B8C02141F4795004857B6 /* WordPressCommentDataSource.m */; };
		A36B8C1F141F4795004857B6 /* WordPressCommentTableCell.m in Sources */ = {isa = PBXBuildFile; fileRef = A36B8C04141F4795004857B6 /* WordPressCommentTableCell.m */; };
		A36B8C20141F4795004857B6 /* WordPressCommentViewController.m in Sources */ = {isa = PBXBuildFile; fileRef = A36B8C06141F4795004857B6 /* WordPressCommentViewController.m */; };
		A36B8C21141F4795004857B6 /* WordPressDataSource.m in Sources */ = {isa = PBXBuildFile; fileRef = A36B8C08141F4795004857B6 /* WordPressDataSource.m */; };
		A36B8C22141F4795004857B6 /* WordPressPost.m in Sources */ = {isa = PBXBuildFile; fileRef = A36B8C0A141F4795004857B6 /* WordPressPost.m */; };
		A36B8C23141F4795004857B6 /* WordPressPostDataSource.m in Sources */ = {isa = PBXBuildFile; fileRef = A36B8C0C141F4795004857B6 /* WordPressPostDataSource.m */; };
		A36B8C24141F4795004857B6 /* WordPressPostModel.m in Sources */ = {isa = PBXBuildFile; fileRef = A36B8C0E141F4795004857B6 /* WordPressPostModel.m */; };
		A36B8C25141F4795004857B6 /* WordPressPostTableCell.m in Sources */ = {isa = PBXBuildFile; fileRef = A36B8C10141F4795004857B6 /* WordPressPostTableCell.m */; };
		A36B8C26141F4795004857B6 /* WordPressPostViewController.m in Sources */ = {isa = PBXBuildFile; fileRef = A36B8C12141F4795004857B6 /* WordPressPostViewController.m */; };
		A36B8C27141F4795004857B6 /* WPTabBarController.m in Sources */ = {isa = PBXBuildFile; fileRef = A36B8C14141F4795004857B6 /* WPTabBarController.m */; };
		A36B8C29141F47B2004857B6 /* default.css in Resources */ = {isa = PBXBuildFile; fileRef = A36B8C28141F47B2004857B6 /* default.css */; };
		A36EC7BD141E30C100752D14 /* InfoTableViewController.m in Sources */ = {isa = PBXBuildFile; fileRef = A36EC7BB141E30C100752D14 /* InfoTableViewController.m */; };
		A36EC7BE141E30C100752D14 /* InfoTableView.xib in Resources */ = {isa = PBXBuildFile; fileRef = A36EC7BC141E30C100752D14 /* InfoTableView.xib */; };
		A37166D71418D1A300C9262A /* PhotoSet.m in Sources */ = {isa = PBXBuildFile; fileRef = A37166D61418D1A300C9262A /* PhotoSet.m */; };
		A385002E14179B5F00CFB95D /* PhotoSetViewController.m in Sources */ = {isa = PBXBuildFile; fileRef = A385002C14179B5F00CFB95D /* PhotoSetViewController.m */; };
		A385002F14179B5F00CFB95D /* PhotoSetViewController.xib in Resources */ = {isa = PBXBuildFile; fileRef = A385002D14179B5F00CFB95D /* PhotoSetViewController.xib */; };
		A3A428C61421B4DC008C9E0F /* ContentController.m in Sources */ = {isa = PBXBuildFile; fileRef = A3A428C51421B4DC008C9E0F /* ContentController.m */; };
		A3A428E51421B782008C9E0F /* Default.png in Resources */ = {isa = PBXBuildFile; fileRef = A3A428E41421B782008C9E0F /* Default.png */; };
		A3ACFCE71421ADAE0045D947 /* TabBarController.m in Sources */ = {isa = PBXBuildFile; fileRef = A3ACFCE61421ADAE0045D947 /* TabBarController.m */; };
		A3ACFCEA1421B32F0045D947 /* MenuController.m in Sources */ = {isa = PBXBuildFile; fileRef = A3ACFCE91421B32F0045D947 /* MenuController.m */; };
		A3F2A1121418652F00DADAD0 /* QuartzCore.framework in Frameworks */ = {isa = PBXBuildFile; fileRef = A3F2A1111418652E00DADAD0 /* QuartzCore.framework */; };
		A3F2A1A61418826600DADAD0 /* Photo.m in Sources */ = {isa = PBXBuildFile; fileRef = A3F2A1A51418826600DADAD0 /* Photo.m */; };
/* End PBXBuildFile section */

/* Begin PBXContainerItemProxy section */
		3201088596B4756681693702 /* PBXContainerItemProxy */ = {
			isa = PBXContainerItemProxy;
			containerPortal = 3201088596B4756681693700 /* Three20UICommon.xcodeproj */;
			proxyType = 1;
			remoteGlobalIDString = BEF31F390F352DF5000DE5D2;
			remoteInfo = Three20UICommon;
		};
		3201088596B4756681693706 /* PBXContainerItemProxy */ = {
			isa = PBXContainerItemProxy;
			containerPortal = 3201088596B4756681693700 /* Three20UICommon.xcodeproj */;
			proxyType = 2;
			remoteGlobalIDString = BEF31F3A0F352DF5000DE5D2;
			remoteInfo = Three20UICommon;
		};
		320A2827FEC940B25BC42C62 /* PBXContainerItemProxy */ = {
			isa = PBXContainerItemProxy;
			containerPortal = 320A2827FEC940B25BC42C60 /* Three20Core.xcodeproj */;
			proxyType = 1;
			remoteGlobalIDString = BEF31F390F352DF5000DE5D2;
			remoteInfo = Three20Core;
		};
		320A2827FEC940B25BC42C66 /* PBXContainerItemProxy */ = {
			isa = PBXContainerItemProxy;
			containerPortal = 320A2827FEC940B25BC42C60 /* Three20Core.xcodeproj */;
			proxyType = 2;
			remoteGlobalIDString = BEF31F3A0F352DF5000DE5D2;
			remoteInfo = Three20Core;
		};
		320A5A189C235877202780D2 /* PBXContainerItemProxy */ = {
			isa = PBXContainerItemProxy;
			containerPortal = 320A5A189C235877202780D0 /* Three20Network.xcodeproj */;
			proxyType = 1;
			remoteGlobalIDString = BEF31F390F352DF5000DE5D2;
			remoteInfo = Three20Network;
		};
		320A5A189C235877202780D6 /* PBXContainerItemProxy */ = {
			isa = PBXContainerItemProxy;
			containerPortal = 320A5A189C235877202780D0 /* Three20Network.xcodeproj */;
			proxyType = 2;
			remoteGlobalIDString = BEF31F3A0F352DF5000DE5D2;
			remoteInfo = Three20Network;
		};
		320A737074758E53BA54BE92 /* PBXContainerItemProxy */ = {
			isa = PBXContainerItemProxy;
			containerPortal = 320A737074758E53BA54BE90 /* Three20UINavigator.xcodeproj */;
			proxyType = 1;
			remoteGlobalIDString = BEF31F390F352DF5000DE5D2;
			remoteInfo = Three20UINavigator;
		};
		320A737074758E53BA54BE96 /* PBXContainerItemProxy */ = {
			isa = PBXContainerItemProxy;
			containerPortal = 320A737074758E53BA54BE90 /* Three20UINavigator.xcodeproj */;
			proxyType = 2;
			remoteGlobalIDString = BEF31F3A0F352DF5000DE5D2;
			remoteInfo = Three20UINavigator;
		};
		320CC833B8AF0ACFD35E6222 /* PBXContainerItemProxy */ = {
			isa = PBXContainerItemProxy;
			containerPortal = 320CC833B8AF0ACFD35E6220 /* Three20Style.xcodeproj */;
			proxyType = 1;
			remoteGlobalIDString = BEF31F390F352DF5000DE5D2;
			remoteInfo = Three20Style;
		};
		320CC833B8AF0ACFD35E6226 /* PBXContainerItemProxy */ = {
			isa = PBXContainerItemProxy;
			containerPortal = 320CC833B8AF0ACFD35E6220 /* Three20Style.xcodeproj */;
			proxyType = 2;
			remoteGlobalIDString = BEF31F3A0F352DF5000DE5D2;
			remoteInfo = Three20Style;
		};
		320D7DCCE32703ACAB9A45E2 /* PBXContainerItemProxy */ = {
			isa = PBXContainerItemProxy;
			containerPortal = 320D7DCCE32703ACAB9A45E0 /* Three20.xcodeproj */;
			proxyType = 1;
			remoteGlobalIDString = BEF31F390F352DF5000DE5D2;
			remoteInfo = Three20;
		};
		320D7DCCE32703ACAB9A45E6 /* PBXContainerItemProxy */ = {
			isa = PBXContainerItemProxy;
			containerPortal = 320D7DCCE32703ACAB9A45E0 /* Three20.xcodeproj */;
			proxyType = 2;
			remoteGlobalIDString = BEF31F3A0F352DF5000DE5D2;
			remoteInfo = Three20;
		};
		320F2C48872C2E2C4DF86202 /* PBXContainerItemProxy */ = {
			isa = PBXContainerItemProxy;
			containerPortal = 320F2C48872C2E2C4DF86200 /* Three20UI.xcodeproj */;
			proxyType = 1;
			remoteGlobalIDString = BEF31F390F352DF5000DE5D2;
			remoteInfo = Three20UI;
		};
		320F2C48872C2E2C4DF86206 /* PBXContainerItemProxy */ = {
			isa = PBXContainerItemProxy;
			containerPortal = 320F2C48872C2E2C4DF86200 /* Three20UI.xcodeproj */;
			proxyType = 2;
			remoteGlobalIDString = BEF31F3A0F352DF5000DE5D2;
			remoteInfo = Three20UI;
		};
		A32D30521412EACC007C5873 /* PBXContainerItemProxy */ = {
			isa = PBXContainerItemProxy;
			containerPortal = A32D30191412EACB007C5873 /* Project object */;
			proxyType = 1;
			remoteGlobalIDString = A32D30211412EACB007C5873;
			remoteInfo = LemonadeAlley;
		};
		A3F8E32D143AB1EB0039904B /* PBXContainerItemProxy */ = {
			isa = PBXContainerItemProxy;
			containerPortal = 320D7DCCE32703ACAB9A45E0 /* Three20.xcodeproj */;
			proxyType = 2;
			remoteGlobalIDString = EB9E6C6210B6A8F800DE563C;
			remoteInfo = Three20UnitTests;
		};
		A3F8E330143AB1EB0039904B /* PBXContainerItemProxy */ = {
			isa = PBXContainerItemProxy;
			containerPortal = 320A2827FEC940B25BC42C60 /* Three20Core.xcodeproj */;
			proxyType = 2;
			remoteGlobalIDString = EB9E6C6210B6A8F800DE563C;
			remoteInfo = Three20CoreUnitTests;
		};
		A3F8E333143AB1EB0039904B /* PBXContainerItemProxy */ = {
			isa = PBXContainerItemProxy;
			containerPortal = 320A5A189C235877202780D0 /* Three20Network.xcodeproj */;
			proxyType = 2;
			remoteGlobalIDString = EB9E6C6210B6A8F800DE563C;
			remoteInfo = Three20NetworkUnitTests;
		};
		A3F8E336143AB1EB0039904B /* PBXContainerItemProxy */ = {
			isa = PBXContainerItemProxy;
			containerPortal = 320CC833B8AF0ACFD35E6220 /* Three20Style.xcodeproj */;
			proxyType = 2;
			remoteGlobalIDString = EB9E6C6210B6A8F800DE563C;
			remoteInfo = Three20StyleUnitTests;
		};
		A3F8E339143AB1EB0039904B /* PBXContainerItemProxy */ = {
			isa = PBXContainerItemProxy;
			containerPortal = 320F2C48872C2E2C4DF86200 /* Three20UI.xcodeproj */;
			proxyType = 2;
			remoteGlobalIDString = EB9E6C6210B6A8F800DE563C;
			remoteInfo = Three20UIUnitTests;
		};
		A3F8E33C143AB1EB0039904B /* PBXContainerItemProxy */ = {
			isa = PBXContainerItemProxy;
			containerPortal = 3201088596B4756681693700 /* Three20UICommon.xcodeproj */;
			proxyType = 2;
			remoteGlobalIDString = EB9E6C6210B6A8F800DE563C;
			remoteInfo = Three20UICommonUnitTests;
		};
		A3F8E33F143AB1EB0039904B /* PBXContainerItemProxy */ = {
			isa = PBXContainerItemProxy;
			containerPortal = 320A737074758E53BA54BE90 /* Three20UINavigator.xcodeproj */;
			proxyType = 2;
			remoteGlobalIDString = EB9E6C6210B6A8F800DE563C;
			remoteInfo = Three20UINavigatorUnitTests;
		};
/* End PBXContainerItemProxy section */

/* Begin PBXFileReference section */
		3201088596B4756681693700 /* Three20UICommon.xcodeproj */ = {isa = PBXFileReference; lastKnownFileType = "wrapper.pb-project"; name = Three20UICommon.xcodeproj; path = three20/src/Three20UICommon/Three20UICommon.xcodeproj; sourceTree = SOURCE_ROOT; };
		320A2827FEC940B25BC42C60 /* Three20Core.xcodeproj */ = {isa = PBXFileReference; lastKnownFileType = "wrapper.pb-project"; name = Three20Core.xcodeproj; path = three20/src/Three20Core/Three20Core.xcodeproj; sourceTree = SOURCE_ROOT; };
		320A5A189C235877202780D0 /* Three20Network.xcodeproj */ = {isa = PBXFileReference; lastKnownFileType = "wrapper.pb-project"; name = Three20Network.xcodeproj; path = three20/src/Three20Network/Three20Network.xcodeproj; sourceTree = SOURCE_ROOT; };
		320A737074758E53BA54BE90 /* Three20UINavigator.xcodeproj */ = {isa = PBXFileReference; lastKnownFileType = "wrapper.pb-project"; name = Three20UINavigator.xcodeproj; path = three20/src/Three20UINavigator/Three20UINavigator.xcodeproj; sourceTree = SOURCE_ROOT; };
		320AF8492C47A4D819F7C450 /* QuartzCore.framework */ = {isa = PBXFileReference; lastKnownFileType = wrapper.frameworks; name = QuartzCore.framework; path = System/Library/Frameworks/QuartzCore.framework; sourceTree = SDKROOT; };
		320B6C86F11D9990244A9730 /* Three20.bundle */ = {isa = PBXFileReference; lastKnownFileType = "wrapper.plug-in"; name = Three20.bundle; path = three20/src/Three20.bundle; sourceTree = SOURCE_ROOT; };
		320CC833B8AF0ACFD35E6220 /* Three20Style.xcodeproj */ = {isa = PBXFileReference; lastKnownFileType = "wrapper.pb-project"; name = Three20Style.xcodeproj; path = three20/src/Three20Style/Three20Style.xcodeproj; sourceTree = SOURCE_ROOT; };
		320D7DCCE32703ACAB9A45E0 /* Three20.xcodeproj */ = {isa = PBXFileReference; lastKnownFileType = "wrapper.pb-project"; name = Three20.xcodeproj; path = three20/src/Three20/Three20.xcodeproj; sourceTree = SOURCE_ROOT; };
		320F2C48872C2E2C4DF86200 /* Three20UI.xcodeproj */ = {isa = PBXFileReference; lastKnownFileType = "wrapper.pb-project"; name = Three20UI.xcodeproj; path = three20/src/Three20UI/Three20UI.xcodeproj; sourceTree = SOURCE_ROOT; };
		A32D30221412EACB007C5873 /* LemonadeAlley.app */ = {isa = PBXFileReference; explicitFileType = wrapper.application; includeInIndex = 0; path = LemonadeAlley.app; sourceTree = BUILT_PRODUCTS_DIR; };
		A32D30261412EACB007C5873 /* UIKit.framework */ = {isa = PBXFileReference; lastKnownFileType = wrapper.framework; name = UIKit.framework; path = System/Library/Frameworks/UIKit.framework; sourceTree = SDKROOT; };
		A32D30281412EACB007C5873 /* Foundation.framework */ = {isa = PBXFileReference; lastKnownFileType = wrapper.framework; name = Foundation.framework; path = System/Library/Frameworks/Foundation.framework; sourceTree = SDKROOT; };
		A32D302A1412EACB007C5873 /* CoreGraphics.framework */ = {isa = PBXFileReference; lastKnownFileType = wrapper.framework; name = CoreGraphics.framework; path = System/Library/Frameworks/CoreGraphics.framework; sourceTree = SDKROOT; };
		A32D302E1412EACB007C5873 /* LemonadeAlley-Info.plist */ = {isa = PBXFileReference; lastKnownFileType = text.plist.xml; path = "LemonadeAlley-Info.plist"; sourceTree = "<group>"; };
		A32D30301412EACB007C5873 /* en */ = {isa = PBXFileReference; lastKnownFileType = text.plist.strings; name = en; path = en.lproj/InfoPlist.strings; sourceTree = "<group>"; };
		A32D30321412EACB007C5873 /* main.m */ = {isa = PBXFileReference; lastKnownFileType = sourcecode.c.objc; path = main.m; sourceTree = "<group>"; };
		A32D30341412EACB007C5873 /* LemonadeAlley-Prefix.pch */ = {isa = PBXFileReference; lastKnownFileType = sourcecode.c.h; path = "LemonadeAlley-Prefix.pch"; sourceTree = "<group>"; };
		A32D30351412EACB007C5873 /* LemonadeAlleyAppDelegate.h */ = {isa = PBXFileReference; lastKnownFileType = sourcecode.c.h; path = LemonadeAlleyAppDelegate.h; sourceTree = "<group>"; };
		A32D30361412EACB007C5873 /* LemonadeAlleyAppDelegate.m */ = {isa = PBXFileReference; lastKnownFileType = sourcecode.c.objc; path = LemonadeAlleyAppDelegate.m; sourceTree = "<group>"; };
		A32D303B1412EACB007C5873 /* FirstViewController.h */ = {isa = PBXFileReference; lastKnownFileType = sourcecode.c.h; path = FirstViewController.h; sourceTree = "<group>"; };
		A32D303C1412EACB007C5873 /* FirstViewController.m */ = {isa = PBXFileReference; lastKnownFileType = sourcecode.c.objc; path = FirstViewController.m; sourceTree = "<group>"; };
		A32D303E1412EACB007C5873 /* SecondViewController.h */ = {isa = PBXFileReference; lastKnownFileType = sourcecode.c.h; path = SecondViewController.h; sourceTree = "<group>"; };
		A32D303F1412EACB007C5873 /* SecondViewController.m */ = {isa = PBXFileReference; lastKnownFileType = sourcecode.c.objc; path = SecondViewController.m; sourceTree = "<group>"; };
		A32D30421412EACB007C5873 /* en */ = {isa = PBXFileReference; lastKnownFileType = file.xib; name = en; path = en.lproj/FirstView.xib; sourceTree = "<group>"; };
		A32D30451412EACB007C5873 /* en */ = {isa = PBXFileReference; lastKnownFileType = file.xib; name = en; path = en.lproj/SecondView.xib; sourceTree = "<group>"; };
		A32D304C1412EACC007C5873 /* LemonadeAlleyTests.octest */ = {isa = PBXFileReference; explicitFileType = wrapper.cfbundle; includeInIndex = 0; path = LemonadeAlleyTests.octest; sourceTree = BUILT_PRODUCTS_DIR; };
		A32D304D1412EACC007C5873 /* SenTestingKit.framework */ = {isa = PBXFileReference; lastKnownFileType = wrapper.framework; name = SenTestingKit.framework; path = Library/Frameworks/SenTestingKit.framework; sourceTree = DEVELOPER_DIR; };
		A32D30561412EACC007C5873 /* LemonadeAlleyTests-Info.plist */ = {isa = PBXFileReference; lastKnownFileType = text.plist.xml; path = "LemonadeAlleyTests-Info.plist"; sourceTree = "<group>"; };
		A32D30581412EACC007C5873 /* en */ = {isa = PBXFileReference; lastKnownFileType = text.plist.strings; name = en; path = en.lproj/InfoPlist.strings; sourceTree = "<group>"; };
		A32D305A1412EACC007C5873 /* LemonadeAlleyTests.h */ = {isa = PBXFileReference; lastKnownFileType = sourcecode.c.h; path = LemonadeAlleyTests.h; sourceTree = "<group>"; };
		A32D305C1412EACC007C5873 /* LemonadeAlleyTests.m */ = {isa = PBXFileReference; lastKnownFileType = sourcecode.c.objc; path = LemonadeAlleyTests.m; sourceTree = "<group>"; };
		A333DE6E1417654500254DA0 /* InfoDetailsViewController.h */ = {isa = PBXFileReference; fileEncoding = 4; lastKnownFileType = sourcecode.c.h; path = InfoDetailsViewController.h; sourceTree = "<group>"; };
		A333DE6F1417654500254DA0 /* InfoDetailsViewController.m */ = {isa = PBXFileReference; fileEncoding = 4; lastKnownFileType = sourcecode.c.objc; path = InfoDetailsViewController.m; sourceTree = "<group>"; };
		A333DE701417654500254DA0 /* InfoDetailsView.xib */ = {isa = PBXFileReference; fileEncoding = 4; lastKnownFileType = file.xib; path = InfoDetailsView.xib; sourceTree = "<group>"; };
		A36B8BA2141F4426004857B6 /* 18-envelope.png */ = {isa = PBXFileReference; lastKnownFileType = image.png; path = "18-envelope.png"; sourceTree = "<group>"; };
		A36B8BDC141F46E8004857B6 /* GTMDefines.h */ = {isa = PBXFileReference; fileEncoding = 4; lastKnownFileType = sourcecode.c.h; path = GTMDefines.h; sourceTree = "<group>"; };
		A36B8BDD141F46E8004857B6 /* GTMNSString+HTML.h */ = {isa = PBXFileReference; fileEncoding = 4; lastKnownFileType = sourcecode.c.h; path = "GTMNSString+HTML.h"; sourceTree = "<group>"; };
		A36B8BDE141F46E8004857B6 /* GTMNSString+HTML.m */ = {isa = PBXFileReference; fileEncoding = 4; lastKnownFileType = sourcecode.c.objc; path = "GTMNSString+HTML.m"; sourceTree = "<group>"; };
		A36B8BEE141F4795004857B6 /* TableCellDisclosure.h */ = {isa = PBXFileReference; fileEncoding = 4; lastKnownFileType = sourcecode.c.h; path = TableCellDisclosure.h; sourceTree = "<group>"; };
		A36B8BEF141F4795004857B6 /* TableCellDisclosure.m */ = {isa = PBXFileReference; fileEncoding = 4; lastKnownFileType = sourcecode.c.objc; path = TableCellDisclosure.m; sourceTree = "<group>"; };
		A36B8BF0141F4795004857B6 /* TableItemDisclosure.h */ = {isa = PBXFileReference; fileEncoding = 4; lastKnownFileType = sourcecode.c.h; path = TableItemDisclosure.h; sourceTree = "<group>"; };
		A36B8BF1141F4795004857B6 /* TableItemDisclosure.m */ = {isa = PBXFileReference; fileEncoding = 4; lastKnownFileType = sourcecode.c.objc; path = TableItemDisclosure.m; sourceTree = "<group>"; };
		A36B8BF3141F4795004857B6 /* TTWordpress-Prefix.pch */ = {isa = PBXFileReference; fileEncoding = 4; lastKnownFileType = sourcecode.c.h; path = "TTWordpress-Prefix.pch"; sourceTree = "<group>"; };
		A36B8BF4141F4795004857B6 /* TTWordPress.h */ = {isa = PBXFileReference; fileEncoding = 4; lastKnownFileType = sourcecode.c.h; path = TTWordPress.h; sourceTree = "<group>"; };
		A36B8BF7141F4795004857B6 /* WordPressAddCommentViewController.h */ = {isa = PBXFileReference; fileEncoding = 4; lastKnownFileType = sourcecode.c.h; path = WordPressAddCommentViewController.h; sourceTree = "<group>"; };
		A36B8BF8141F4795004857B6 /* WordPressAddCommentViewController.m */ = {isa = PBXFileReference; fileEncoding = 4; lastKnownFileType = sourcecode.c.objc; path = WordPressAddCommentViewController.m; sourceTree = "<group>"; };
		A36B8BF9141F4795004857B6 /* WordPressBaseTableViewController.h */ = {isa = PBXFileReference; fileEncoding = 4; lastKnownFileType = sourcecode.c.h; path = WordPressBaseTableViewController.h; sourceTree = "<group>"; };
		A36B8BFA141F4795004857B6 /* WordPressBaseTableViewController.m */ = {isa = PBXFileReference; fileEncoding = 4; lastKnownFileType = sourcecode.c.objc; path = WordPressBaseTableViewController.m; sourceTree = "<group>"; };
		A36B8BFB141F4795004857B6 /* WordPressBlogViewController.h */ = {isa = PBXFileReference; fileEncoding = 4; lastKnownFileType = sourcecode.c.h; path = WordPressBlogViewController.h; sourceTree = "<group>"; };
		A36B8BFC141F4795004857B6 /* WordPressBlogViewController.m */ = {isa = PBXFileReference; fileEncoding = 4; lastKnownFileType = sourcecode.c.objc; path = WordPressBlogViewController.m; sourceTree = "<group>"; };
		A36B8BFD141F4795004857B6 /* WordPressCategory.h */ = {isa = PBXFileReference; fileEncoding = 4; lastKnownFileType = sourcecode.c.h; path = WordPressCategory.h; sourceTree = "<group>"; };
		A36B8BFE141F4795004857B6 /* WordPressCategory.m */ = {isa = PBXFileReference; fileEncoding = 4; lastKnownFileType = sourcecode.c.objc; path = WordPressCategory.m; sourceTree = "<group>"; };
		A36B8BFF141F4795004857B6 /* WordPressComment.h */ = {isa = PBXFileReference; fileEncoding = 4; lastKnownFileType = sourcecode.c.h; path = WordPressComment.h; sourceTree = "<group>"; };
		A36B8C00141F4795004857B6 /* WordPressComment.m */ = {isa = PBXFileReference; fileEncoding = 4; lastKnownFileType = sourcecode.c.objc; path = WordPressComment.m; sourceTree = "<group>"; };
		A36B8C01141F4795004857B6 /* WordPressCommentDataSource.h */ = {isa = PBXFileReference; fileEncoding = 4; lastKnownFileType = sourcecode.c.h; path = WordPressCommentDataSource.h; sourceTree = "<group>"; };
		A36B8C02141F4795004857B6 /* WordPressCommentDataSource.m */ = {isa = PBXFileReference; fileEncoding = 4; lastKnownFileType = sourcecode.c.objc; path = WordPressCommentDataSource.m; sourceTree = "<group>"; };
		A36B8C03141F4795004857B6 /* WordPressCommentTableCell.h */ = {isa = PBXFileReference; fileEncoding = 4; lastKnownFileType = sourcecode.c.h; path = WordPressCommentTableCell.h; sourceTree = "<group>"; };
		A36B8C04141F4795004857B6 /* WordPressCommentTableCell.m */ = {isa = PBXFileReference; fileEncoding = 4; lastKnownFileType = sourcecode.c.objc; path = WordPressCommentTableCell.m; sourceTree = "<group>"; };
		A36B8C05141F4795004857B6 /* WordPressCommentViewController.h */ = {isa = PBXFileReference; fileEncoding = 4; lastKnownFileType = sourcecode.c.h; path = WordPressCommentViewController.h; sourceTree = "<group>"; };
		A36B8C06141F4795004857B6 /* WordPressCommentViewController.m */ = {isa = PBXFileReference; fileEncoding = 4; lastKnownFileType = sourcecode.c.objc; path = WordPressCommentViewController.m; sourceTree = "<group>"; };
		A36B8C07141F4795004857B6 /* WordPressDataSource.h */ = {isa = PBXFileReference; fileEncoding = 4; lastKnownFileType = sourcecode.c.h; path = WordPressDataSource.h; sourceTree = "<group>"; };
		A36B8C08141F4795004857B6 /* WordPressDataSource.m */ = {isa = PBXFileReference; fileEncoding = 4; lastKnownFileType = sourcecode.c.objc; path = WordPressDataSource.m; sourceTree = "<group>"; };
		A36B8C09141F4795004857B6 /* WordPressPost.h */ = {isa = PBXFileReference; fileEncoding = 4; lastKnownFileType = sourcecode.c.h; path = WordPressPost.h; sourceTree = "<group>"; };
		A36B8C0A141F4795004857B6 /* WordPressPost.m */ = {isa = PBXFileReference; fileEncoding = 4; lastKnownFileType = sourcecode.c.objc; path = WordPressPost.m; sourceTree = "<group>"; };
		A36B8C0B141F4795004857B6 /* WordPressPostDataSource.h */ = {isa = PBXFileReference; fileEncoding = 4; lastKnownFileType = sourcecode.c.h; path = WordPressPostDataSource.h; sourceTree = "<group>"; };
		A36B8C0C141F4795004857B6 /* WordPressPostDataSource.m */ = {isa = PBXFileReference; fileEncoding = 4; lastKnownFileType = sourcecode.c.objc; path = WordPressPostDataSource.m; sourceTree = "<group>"; };
		A36B8C0D141F4795004857B6 /* WordPressPostModel.h */ = {isa = PBXFileReference; fileEncoding = 4; lastKnownFileType = sourcecode.c.h; path = WordPressPostModel.h; sourceTree = "<group>"; };
		A36B8C0E141F4795004857B6 /* WordPressPostModel.m */ = {isa = PBXFileReference; fileEncoding = 4; lastKnownFileType = sourcecode.c.objc; path = WordPressPostModel.m; sourceTree = "<group>"; };
		A36B8C0F141F4795004857B6 /* WordPressPostTableCell.h */ = {isa = PBXFileReference; fileEncoding = 4; lastKnownFileType = sourcecode.c.h; path = WordPressPostTableCell.h; sourceTree = "<group>"; };
		A36B8C10141F4795004857B6 /* WordPressPostTableCell.m */ = {isa = PBXFileReference; fileEncoding = 4; lastKnownFileType = sourcecode.c.objc; path = WordPressPostTableCell.m; sourceTree = "<group>"; };
		A36B8C11141F4795004857B6 /* WordPressPostViewController.h */ = {isa = PBXFileReference; fileEncoding = 4; lastKnownFileType = sourcecode.c.h; path = WordPressPostViewController.h; sourceTree = "<group>"; };
		A36B8C12141F4795004857B6 /* WordPressPostViewController.m */ = {isa = PBXFileReference; fileEncoding = 4; lastKnownFileType = sourcecode.c.objc; path = WordPressPostViewController.m; sourceTree = "<group>"; };
		A36B8C13141F4795004857B6 /* WPTabBarController.h */ = {isa = PBXFileReference; fileEncoding = 4; lastKnownFileType = sourcecode.c.h; path = WPTabBarController.h; sourceTree = "<group>"; };
		A36B8C14141F4795004857B6 /* WPTabBarController.m */ = {isa = PBXFileReference; fileEncoding = 4; lastKnownFileType = sourcecode.c.objc; path = WPTabBarController.m; sourceTree = "<group>"; };
		A36B8C28141F47B2004857B6 /* default.css */ = {isa = PBXFileReference; fileEncoding = 4; lastKnownFileType = text.css; path = default.css; sourceTree = "<group>"; };
		A36EC7BA141E30C100752D14 /* InfoTableViewController.h */ = {isa = PBXFileReference; fileEncoding = 4; lastKnownFileType = sourcecode.c.h; path = InfoTableViewController.h; sourceTree = "<group>"; };
		A36EC7BB141E30C100752D14 /* InfoTableViewController.m */ = {isa = PBXFileReference; fileEncoding = 4; lastKnownFileType = sourcecode.c.objc; path = InfoTableViewController.m; sourceTree = "<group>"; };
		A36EC7BC141E30C100752D14 /* InfoTableView.xib */ = {isa = PBXFileReference; fileEncoding = 4; lastKnownFileType = file.xib; path = InfoTableView.xib; sourceTree = "<group>"; };
		A37166D51418D1A300C9262A /* PhotoSet.h */ = {isa = PBXFileReference; fileEncoding = 4; lastKnownFileType = sourcecode.c.h; path = PhotoSet.h; sourceTree = "<group>"; };
		A37166D61418D1A300C9262A /* PhotoSet.m */ = {isa = PBXFileReference; fileEncoding = 4; lastKnownFileType = sourcecode.c.objc; path = PhotoSet.m; sourceTree = "<group>"; };
		A385002B14179B5F00CFB95D /* PhotoSetViewController.h */ = {isa = PBXFileReference; fileEncoding = 4; lastKnownFileType = sourcecode.c.h; path = PhotoSetViewController.h; sourceTree = "<group>"; };
		A385002C14179B5F00CFB95D /* PhotoSetViewController.m */ = {isa = PBXFileReference; fileEncoding = 4; lastKnownFileType = sourcecode.c.objc; path = PhotoSetViewController.m; sourceTree = "<group>"; };
		A385002D14179B5F00CFB95D /* PhotoSetViewController.xib */ = {isa = PBXFileReference; fileEncoding = 4; lastKnownFileType = file.xib; path = PhotoSetViewController.xib; sourceTree = "<group>"; };
		A3A428C41421B4DC008C9E0F /* ContentController.h */ = {isa = PBXFileReference; fileEncoding = 4; lastKnownFileType = sourcecode.c.h; path = ContentController.h; sourceTree = "<group>"; };
		A3A428C51421B4DC008C9E0F /* ContentController.m */ = {isa = PBXFileReference; fileEncoding = 4; lastKnownFileType = sourcecode.c.objc; path = ContentController.m; sourceTree = "<group>"; };
		A3A428E41421B782008C9E0F /* Default.png */ = {isa = PBXFileReference; lastKnownFileType = image.png; path = Default.png; sourceTree = "<group>"; };
		A3ACFCE51421ADAE0045D947 /* TabBarController.h */ = {isa = PBXFileReference; fileEncoding = 4; lastKnownFileType = sourcecode.c.h; path = TabBarController.h; sourceTree = "<group>"; };
		A3ACFCE61421ADAE0045D947 /* TabBarController.m */ = {isa = PBXFileReference; fileEncoding = 4; lastKnownFileType = sourcecode.c.objc; path = TabBarController.m; sourceTree = "<group>"; };
		A3ACFCE81421B32F0045D947 /* MenuController.h */ = {isa = PBXFileReference; fileEncoding = 4; lastKnownFileType = sourcecode.c.h; path = MenuController.h; sourceTree = "<group>"; };
		A3ACFCE91421B32F0045D947 /* MenuController.m */ = {isa = PBXFileReference; fileEncoding = 4; lastKnownFileType = sourcecode.c.objc; path = MenuController.m; sourceTree = "<group>"; };
		A3F2A1111418652E00DADAD0 /* QuartzCore.framework */ = {isa = PBXFileReference; lastKnownFileType = wrapper.framework; name = QuartzCore.framework; path = System/Library/Frameworks/QuartzCore.framework; sourceTree = SDKROOT; };
		A3F2A1A41418826600DADAD0 /* Photo.h */ = {isa = PBXFileReference; fileEncoding = 4; lastKnownFileType = sourcecode.c.h; path = Photo.h; sourceTree = "<group>"; };
		A3F2A1A51418826600DADAD0 /* Photo.m */ = {isa = PBXFileReference; fileEncoding = 4; lastKnownFileType = sourcecode.c.objc; path = Photo.m; sourceTree = "<group>"; };
/* End PBXFileReference section */

/* Begin PBXFrameworksBuildPhase section */
		A32D301F1412EACB007C5873 /* Frameworks */ = {
			isa = PBXFrameworksBuildPhase;
			buildActionMask = 2147483647;
			files = (
				3201088596B4756681693705 /* libThree20UICommon.a in Frameworks */,
				320D7DCCE32703ACAB9A45E5 /* libThree20.a in Frameworks */,
				320A737074758E53BA54BE95 /* libThree20UINavigator.a in Frameworks */,
				320A2827FEC940B25BC42C65 /* libThree20Core.a in Frameworks */,
				320F2C48872C2E2C4DF86205 /* libThree20UI.a in Frameworks */,
				320AF8492C47A4D819F7C451 /* QuartzCore.framework in Frameworks */,
				320A5A189C235877202780D5 /* libThree20Network.a in Frameworks */,
				320CC833B8AF0ACFD35E6225 /* libThree20Style.a in Frameworks */,
				A3F2A1121418652F00DADAD0 /* QuartzCore.framework in Frameworks */,
				A32D30271412EACB007C5873 /* UIKit.framework in Frameworks */,
				A32D30291412EACB007C5873 /* Foundation.framework in Frameworks */,
				A32D302B1412EACB007C5873 /* CoreGraphics.framework in Frameworks */,
			);
			runOnlyForDeploymentPostprocessing = 0;
		};
		A32D30481412EACC007C5873 /* Frameworks */ = {
			isa = PBXFrameworksBuildPhase;
			buildActionMask = 2147483647;
			files = (
				A32D304E1412EACC007C5873 /* SenTestingKit.framework in Frameworks */,
				A32D304F1412EACC007C5873 /* UIKit.framework in Frameworks */,
				A32D30501412EACC007C5873 /* Foundation.framework in Frameworks */,
				A32D30511412EACC007C5873 /* CoreGraphics.framework in Frameworks */,
			);
			runOnlyForDeploymentPostprocessing = 0;
		};
/* End PBXFrameworksBuildPhase section */

/* Begin PBXGroup section */
		3201088596B4756681693703 /* Products */ = {
			isa = PBXGroup;
			children = (
				3201088596B4756681693704 /* libThree20UICommon.a */,
				A3F8E33D143AB1EB0039904B /* UICommonUnitTests.octest */,
			);
			name = Products;
			sourceTree = "<group>";
		};
		320A2827FEC940B25BC42C63 /* Products */ = {
			isa = PBXGroup;
			children = (
				320A2827FEC940B25BC42C64 /* libThree20Core.a */,
				A3F8E331143AB1EB0039904B /* CoreUnitTests.octest */,
			);
			name = Products;
			sourceTree = "<group>";
		};
		320A5A189C235877202780D3 /* Products */ = {
			isa = PBXGroup;
			children = (
				320A5A189C235877202780D4 /* libThree20Network.a */,
				A3F8E334143AB1EB0039904B /* NetworkUnitTests.octest */,
			);
			name = Products;
			sourceTree = "<group>";
		};
		320A737074758E53BA54BE93 /* Products */ = {
			isa = PBXGroup;
			children = (
				320A737074758E53BA54BE94 /* libThree20UINavigator.a */,
				A3F8E340143AB1EB0039904B /* UINavigatorUnitTests.octest */,
			);
			name = Products;
			sourceTree = "<group>";
		};
		320CC833B8AF0ACFD35E6223 /* Products */ = {
			isa = PBXGroup;
			children = (
				320CC833B8AF0ACFD35E6224 /* libThree20Style.a */,
				A3F8E337143AB1EB0039904B /* StyleUnitTests.octest */,
			);
			name = Products;
			sourceTree = "<group>";
		};
		320D7DCCE32703ACAB9A45E3 /* Products */ = {
			isa = PBXGroup;
			children = (
				320D7DCCE32703ACAB9A45E4 /* libThree20.a */,
				A3F8E32E143AB1EB0039904B /* Three20UnitTests.octest */,
			);
			name = Products;
			sourceTree = "<group>";
		};
		320F2C48872C2E2C4DF86203 /* Products */ = {
			isa = PBXGroup;
			children = (
				320F2C48872C2E2C4DF86204 /* libThree20UI.a */,
				A3F8E33A143AB1EB0039904B /* UIUnitTests.octest */,
			);
			name = Products;
			sourceTree = "<group>";
		};
		A32D30171412EACB007C5873 = {
			isa = PBXGroup;
			children = (
				A32D302C1412EACB007C5873 /* LemonadeAlley */,
				A32D30541412EACC007C5873 /* LemonadeAlleyTests */,
				A32D30251412EACB007C5873 /* Frameworks */,
				A32D30231412EACB007C5873 /* Products */,
			);
			sourceTree = "<group>";
		};
		A32D30231412EACB007C5873 /* Products */ = {
			isa = PBXGroup;
			children = (
				A32D30221412EACB007C5873 /* LemonadeAlley.app */,
				A32D304C1412EACC007C5873 /* LemonadeAlleyTests.octest */,
			);
			name = Products;
			sourceTree = "<group>";
		};
		A32D30251412EACB007C5873 /* Frameworks */ = {
			isa = PBXGroup;
			children = (
				3201088596B4756681693700 /* Three20UICommon.xcodeproj */,
				320D7DCCE32703ACAB9A45E0 /* Three20.xcodeproj */,
				320A737074758E53BA54BE90 /* Three20UINavigator.xcodeproj */,
				320A2827FEC940B25BC42C60 /* Three20Core.xcodeproj */,
				320F2C48872C2E2C4DF86200 /* Three20UI.xcodeproj */,
				320AF8492C47A4D819F7C450 /* QuartzCore.framework */,
				320A5A189C235877202780D0 /* Three20Network.xcodeproj */,
				320CC833B8AF0ACFD35E6220 /* Three20Style.xcodeproj */,
				A3F2A1111418652E00DADAD0 /* QuartzCore.framework */,
				A32D30261412EACB007C5873 /* UIKit.framework */,
				A32D30281412EACB007C5873 /* Foundation.framework */,
				A32D302A1412EACB007C5873 /* CoreGraphics.framework */,
				A32D304D1412EACC007C5873 /* SenTestingKit.framework */,
			);
			name = Frameworks;
			sourceTree = "<group>";
		};
		A32D302C1412EACB007C5873 /* LemonadeAlley */ = {
			isa = PBXGroup;
			children = (
				A35DD7EB141C483600AD5EBB /* GUI */,
				A3F2A1A31418824E00DADAD0 /* Photo */,
				A32D30711412F979007C5873 /* ViewControllers */,
				A32D30351412EACB007C5873 /* LemonadeAlleyAppDelegate.h */,
				A32D30361412EACB007C5873 /* LemonadeAlleyAppDelegate.m */,
				A36B8BED141F4772004857B6 /* TTWordpress */,
				A32D302D1412EACB007C5873 /* Supporting Files */,
			);
			path = LemonadeAlley;
			sourceTree = "<group>";
		};
		A32D302D1412EACB007C5873 /* Supporting Files */ = {
			isa = PBXGroup;
			children = (
				320B6C86F11D9990244A9730 /* Three20.bundle */,
				A32D30701412F484007C5873 /* Images */,
				A32D302F1412EACB007C5873 /* InfoPlist.strings */,
				A32D302E1412EACB007C5873 /* LemonadeAlley-Info.plist */,
				A32D30321412EACB007C5873 /* main.m */,
				A32D30341412EACB007C5873 /* LemonadeAlley-Prefix.pch */,
			);
			name = "Supporting Files";
			sourceTree = "<group>";
		};
		A32D30541412EACC007C5873 /* LemonadeAlleyTests */ = {
			isa = PBXGroup;
			children = (
				A32D305A1412EACC007C5873 /* LemonadeAlleyTests.h */,
				A32D305C1412EACC007C5873 /* LemonadeAlleyTests.m */,
				A32D30551412EACC007C5873 /* Supporting Files */,
			);
			path = LemonadeAlleyTests;
			sourceTree = "<group>";
		};
		A32D30551412EACC007C5873 /* Supporting Files */ = {
			isa = PBXGroup;
			children = (
				A32D30561412EACC007C5873 /* LemonadeAlleyTests-Info.plist */,
				A32D30571412EACC007C5873 /* InfoPlist.strings */,
			);
			name = "Supporting Files";
			sourceTree = "<group>";
		};
		A32D30701412F484007C5873 /* Images */ = {
			isa = PBXGroup;
			children = (
				A3A428E41421B782008C9E0F /* Default.png */,
				A36B8BA2141F4426004857B6 /* 18-envelope.png */,
			);
			name = Images;
			sourceTree = "<group>";
		};
		A32D30711412F979007C5873 /* ViewControllers */ = {
			isa = PBXGroup;
			children = (
				A3A428C41421B4DC008C9E0F /* ContentController.h */,
				A3A428C51421B4DC008C9E0F /* ContentController.m */,
				A3ACFCE81421B32F0045D947 /* MenuController.h */,
				A3ACFCE91421B32F0045D947 /* MenuController.m */,
				A3ACFCE51421ADAE0045D947 /* TabBarController.h */,
				A3ACFCE61421ADAE0045D947 /* TabBarController.m */,
				A32D303B1412EACB007C5873 /* FirstViewController.h */,
				A32D303C1412EACB007C5873 /* FirstViewController.m */,
				A32D303E1412EACB007C5873 /* SecondViewController.h */,
				A32D303F1412EACB007C5873 /* SecondViewController.m */,
				A333DE6E1417654500254DA0 /* InfoDetailsViewController.h */,
				A333DE6F1417654500254DA0 /* InfoDetailsViewController.m */,
				A385002B14179B5F00CFB95D /* PhotoSetViewController.h */,
				A385002C14179B5F00CFB95D /* PhotoSetViewController.m */,
				A36EC7BA141E30C100752D14 /* InfoTableViewController.h */,
				A36EC7BB141E30C100752D14 /* InfoTableViewController.m */,
			);
			name = ViewControllers;
			sourceTree = "<group>";
		};
		A35DD7EB141C483600AD5EBB /* GUI */ = {
			isa = PBXGroup;
			children = (
				A36EC7BC141E30C100752D14 /* InfoTableView.xib */,
				A333DE701417654500254DA0 /* InfoDetailsView.xib */,
				A385002D14179B5F00CFB95D /* PhotoSetViewController.xib */,
				A32D30411412EACB007C5873 /* FirstView.xib */,
				A32D30441412EACB007C5873 /* SecondView.xib */,
			);
			name = GUI;
			sourceTree = "<group>";
		};
		A36B8BD0141F46B7004857B6 /* Google Stuff */ = {
			isa = PBXGroup;
			children = (
				A36B8BDC141F46E8004857B6 /* GTMDefines.h */,
				A36B8BDD141F46E8004857B6 /* GTMNSString+HTML.h */,
				A36B8BDE141F46E8004857B6 /* GTMNSString+HTML.m */,
			);
			name = "Google Stuff";
			sourceTree = "<group>";
		};
		A36B8BED141F4772004857B6 /* TTWordpress */ = {
			isa = PBXGroup;
			children = (
				A36B8BD0141F46B7004857B6 /* Google Stuff */,
				A36B8BEE141F4795004857B6 /* TableCellDisclosure.h */,
				A36B8BEF141F4795004857B6 /* TableCellDisclosure.m */,
				A36B8BF0141F4795004857B6 /* TableItemDisclosure.h */,
				A36B8BF1141F4795004857B6 /* TableItemDisclosure.m */,
				A36B8BF3141F4795004857B6 /* TTWordpress-Prefix.pch */,
				A36B8BF4141F4795004857B6 /* TTWordPress.h */,
				A36B8BF7141F4795004857B6 /* WordPressAddCommentViewController.h */,
				A36B8BF8141F4795004857B6 /* WordPressAddCommentViewController.m */,
				A36B8BF9141F4795004857B6 /* WordPressBaseTableViewController.h */,
				A36B8BFA141F4795004857B6 /* WordPressBaseTableViewController.m */,
				A36B8BFB141F4795004857B6 /* WordPressBlogViewController.h */,
				A36B8BFC141F4795004857B6 /* WordPressBlogViewController.m */,
				A36B8BFD141F4795004857B6 /* WordPressCategory.h */,
				A36B8BFE141F4795004857B6 /* WordPressCategory.m */,
				A36B8BFF141F4795004857B6 /* WordPressComment.h */,
				A36B8C00141F4795004857B6 /* WordPressComment.m */,
				A36B8C01141F4795004857B6 /* WordPressCommentDataSource.h */,
				A36B8C02141F4795004857B6 /* WordPressCommentDataSource.m */,
				A36B8C03141F4795004857B6 /* WordPressCommentTableCell.h */,
				A36B8C04141F4795004857B6 /* WordPressCommentTableCell.m */,
				A36B8C05141F4795004857B6 /* WordPressCommentViewController.h */,
				A36B8C06141F4795004857B6 /* WordPressCommentViewController.m */,
				A36B8C07141F4795004857B6 /* WordPressDataSource.h */,
				A36B8C08141F4795004857B6 /* WordPressDataSource.m */,
				A36B8C09141F4795004857B6 /* WordPressPost.h */,
				A36B8C0A141F4795004857B6 /* WordPressPost.m */,
				A36B8C0B141F4795004857B6 /* WordPressPostDataSource.h */,
				A36B8C0C141F4795004857B6 /* WordPressPostDataSource.m */,
				A36B8C0D141F4795004857B6 /* WordPressPostModel.h */,
				A36B8C0E141F4795004857B6 /* WordPressPostModel.m */,
				A36B8C0F141F4795004857B6 /* WordPressPostTableCell.h */,
				A36B8C10141F4795004857B6 /* WordPressPostTableCell.m */,
				A36B8C11141F4795004857B6 /* WordPressPostViewController.h */,
				A36B8C12141F4795004857B6 /* WordPressPostViewController.m */,
				A36B8C13141F4795004857B6 /* WPTabBarController.h */,
				A36B8C14141F4795004857B6 /* WPTabBarController.m */,
				A36B8C28141F47B2004857B6 /* default.css */,
			);
			name = TTWordpress;
			sourceTree = "<group>";
		};
		A3F2A1A31418824E00DADAD0 /* Photo */ = {
			isa = PBXGroup;
			children = (
				A3F2A1A41418826600DADAD0 /* Photo.h */,
				A3F2A1A51418826600DADAD0 /* Photo.m */,
				A37166D51418D1A300C9262A /* PhotoSet.h */,
				A37166D61418D1A300C9262A /* PhotoSet.m */,
			);
			name = Photo;
			sourceTree = "<group>";
		};
/* End PBXGroup section */

/* Begin PBXNativeTarget section */
		A32D30211412EACB007C5873 /* LemonadeAlley */ = {
			isa = PBXNativeTarget;
			buildConfigurationList = A32D30601412EACC007C5873 /* Build configuration list for PBXNativeTarget "LemonadeAlley" */;
			buildPhases = (
				A32D301E1412EACB007C5873 /* Sources */,
				A32D301F1412EACB007C5873 /* Frameworks */,
				A32D30201412EACB007C5873 /* Resources */,
			);
			buildRules = (
			);
			dependencies = (
				3201088596B4756681693701 /* PBXTargetDependency */,
				320D7DCCE32703ACAB9A45E1 /* PBXTargetDependency */,
				320A737074758E53BA54BE91 /* PBXTargetDependency */,
				320A2827FEC940B25BC42C61 /* PBXTargetDependency */,
				320F2C48872C2E2C4DF86201 /* PBXTargetDependency */,
				320A5A189C235877202780D1 /* PBXTargetDependency */,
				320CC833B8AF0ACFD35E6221 /* PBXTargetDependency */,
			);
			name = LemonadeAlley;
			productName = LemonadeAlley;
			productReference = A32D30221412EACB007C5873 /* LemonadeAlley.app */;
			productType = "com.apple.product-type.application";
		};
		A32D304B1412EACC007C5873 /* LemonadeAlleyTests */ = {
			isa = PBXNativeTarget;
			buildConfigurationList = A32D30631412EACC007C5873 /* Build configuration list for PBXNativeTarget "LemonadeAlleyTests" */;
			buildPhases = (
				A32D30471412EACC007C5873 /* Sources */,
				A32D30481412EACC007C5873 /* Frameworks */,
				A32D30491412EACC007C5873 /* Resources */,
				A32D304A1412EACC007C5873 /* ShellScript */,
			);
			buildRules = (
			);
			dependencies = (
				A32D30531412EACC007C5873 /* PBXTargetDependency */,
			);
			name = LemonadeAlleyTests;
			productName = LemonadeAlleyTests;
			productReference = A32D304C1412EACC007C5873 /* LemonadeAlleyTests.octest */;
			productType = "com.apple.product-type.bundle";
		};
/* End PBXNativeTarget section */

/* Begin PBXProject section */
		A32D30191412EACB007C5873 /* Project object */ = {
			isa = PBXProject;
			buildConfigurationList = A32D301C1412EACB007C5873 /* Build configuration list for PBXProject "LemonadeAlley" */;
			compatibilityVersion = "Xcode 3.2";
			developmentRegion = English;
			hasScannedForEncodings = 0;
			knownRegions = (
				en,
			);
			mainGroup = A32D30171412EACB007C5873;
			productRefGroup = A32D30231412EACB007C5873 /* Products */;
			projectDirPath = "";
			projectReferences = (
				{
					ProductGroup = 320D7DCCE32703ACAB9A45E3 /* Products */;
					ProjectRef = 320D7DCCE32703ACAB9A45E0 /* Three20.xcodeproj */;
				},
				{
					ProductGroup = 320A2827FEC940B25BC42C63 /* Products */;
					ProjectRef = 320A2827FEC940B25BC42C60 /* Three20Core.xcodeproj */;
				},
				{
					ProductGroup = 320A5A189C235877202780D3 /* Products */;
					ProjectRef = 320A5A189C235877202780D0 /* Three20Network.xcodeproj */;
				},
				{
					ProductGroup = 320CC833B8AF0ACFD35E6223 /* Products */;
					ProjectRef = 320CC833B8AF0ACFD35E6220 /* Three20Style.xcodeproj */;
				},
				{
					ProductGroup = 320F2C48872C2E2C4DF86203 /* Products */;
					ProjectRef = 320F2C48872C2E2C4DF86200 /* Three20UI.xcodeproj */;
				},
				{
					ProductGroup = 3201088596B4756681693703 /* Products */;
					ProjectRef = 3201088596B4756681693700 /* Three20UICommon.xcodeproj */;
				},
				{
					ProductGroup = 320A737074758E53BA54BE93 /* Products */;
					ProjectRef = 320A737074758E53BA54BE90 /* Three20UINavigator.xcodeproj */;
				},
			);
			projectRoot = "";
			targets = (
				A32D30211412EACB007C5873 /* LemonadeAlley */,
				A32D304B1412EACC007C5873 /* LemonadeAlleyTests */,
			);
		};
/* End PBXProject section */

/* Begin PBXReferenceProxy section */
		3201088596B4756681693704 /* libThree20UICommon.a */ = {
			isa = PBXReferenceProxy;
			fileType = archive.ar;
			path = libThree20UICommon.a;
			remoteRef = 3201088596B4756681693706 /* PBXContainerItemProxy */;
			sourceTree = BUILT_PRODUCTS_DIR;
		};
		320A2827FEC940B25BC42C64 /* libThree20Core.a */ = {
			isa = PBXReferenceProxy;
			fileType = archive.ar;
			path = libThree20Core.a;
			remoteRef = 320A2827FEC940B25BC42C66 /* PBXContainerItemProxy */;
			sourceTree = BUILT_PRODUCTS_DIR;
		};
		320A5A189C235877202780D4 /* libThree20Network.a */ = {
			isa = PBXReferenceProxy;
			fileType = archive.ar;
			path = libThree20Network.a;
			remoteRef = 320A5A189C235877202780D6 /* PBXContainerItemProxy */;
			sourceTree = BUILT_PRODUCTS_DIR;
		};
		320A737074758E53BA54BE94 /* libThree20UINavigator.a */ = {
			isa = PBXReferenceProxy;
			fileType = archive.ar;
			path = libThree20UINavigator.a;
			remoteRef = 320A737074758E53BA54BE96 /* PBXContainerItemProxy */;
			sourceTree = BUILT_PRODUCTS_DIR;
		};
		320CC833B8AF0ACFD35E6224 /* libThree20Style.a */ = {
			isa = PBXReferenceProxy;
			fileType = archive.ar;
			path = libThree20Style.a;
			remoteRef = 320CC833B8AF0ACFD35E6226 /* PBXContainerItemProxy */;
			sourceTree = BUILT_PRODUCTS_DIR;
		};
		320D7DCCE32703ACAB9A45E4 /* libThree20.a */ = {
			isa = PBXReferenceProxy;
			fileType = archive.ar;
			path = libThree20.a;
			remoteRef = 320D7DCCE32703ACAB9A45E6 /* PBXContainerItemProxy */;
			sourceTree = BUILT_PRODUCTS_DIR;
		};
		320F2C48872C2E2C4DF86204 /* libThree20UI.a */ = {
			isa = PBXReferenceProxy;
			fileType = archive.ar;
			path = libThree20UI.a;
			remoteRef = 320F2C48872C2E2C4DF86206 /* PBXContainerItemProxy */;
			sourceTree = BUILT_PRODUCTS_DIR;
		};
		A3F8E32E143AB1EB0039904B /* Three20UnitTests.octest */ = {
			isa = PBXReferenceProxy;
			fileType = wrapper.cfbundle;
			path = Three20UnitTests.octest;
			remoteRef = A3F8E32D143AB1EB0039904B /* PBXContainerItemProxy */;
			sourceTree = BUILT_PRODUCTS_DIR;
		};
		A3F8E331143AB1EB0039904B /* CoreUnitTests.octest */ = {
			isa = PBXReferenceProxy;
			fileType = wrapper.cfbundle;
			path = CoreUnitTests.octest;
			remoteRef = A3F8E330143AB1EB0039904B /* PBXContainerItemProxy */;
			sourceTree = BUILT_PRODUCTS_DIR;
		};
		A3F8E334143AB1EB0039904B /* NetworkUnitTests.octest */ = {
			isa = PBXReferenceProxy;
			fileType = wrapper.cfbundle;
			path = NetworkUnitTests.octest;
			remoteRef = A3F8E333143AB1EB0039904B /* PBXContainerItemProxy */;
			sourceTree = BUILT_PRODUCTS_DIR;
		};
		A3F8E337143AB1EB0039904B /* StyleUnitTests.octest */ = {
			isa = PBXReferenceProxy;
			fileType = wrapper.cfbundle;
			path = StyleUnitTests.octest;
			remoteRef = A3F8E336143AB1EB0039904B /* PBXContainerItemProxy */;
			sourceTree = BUILT_PRODUCTS_DIR;
		};
		A3F8E33A143AB1EB0039904B /* UIUnitTests.octest */ = {
			isa = PBXReferenceProxy;
			fileType = wrapper.cfbundle;
			path = UIUnitTests.octest;
			remoteRef = A3F8E339143AB1EB0039904B /* PBXContainerItemProxy */;
			sourceTree = BUILT_PRODUCTS_DIR;
		};
		A3F8E33D143AB1EB0039904B /* UICommonUnitTests.octest */ = {
			isa = PBXReferenceProxy;
			fileType = wrapper.cfbundle;
			path = UICommonUnitTests.octest;
			remoteRef = A3F8E33C143AB1EB0039904B /* PBXContainerItemProxy */;
			sourceTree = BUILT_PRODUCTS_DIR;
		};
		A3F8E340143AB1EB0039904B /* UINavigatorUnitTests.octest */ = {
			isa = PBXReferenceProxy;
			fileType = wrapper.cfbundle;
			path = UINavigatorUnitTests.octest;
			remoteRef = A3F8E33F143AB1EB0039904B /* PBXContainerItemProxy */;
			sourceTree = BUILT_PRODUCTS_DIR;
		};
/* End PBXReferenceProxy section */

/* Begin PBXResourcesBuildPhase section */
		A32D30201412EACB007C5873 /* Resources */ = {
			isa = PBXResourcesBuildPhase;
			buildActionMask = 2147483647;
			files = (
				320B6C86F11D9990244A9731 /* Three20.bundle in Resources */,
				A32D30311412EACB007C5873 /* InfoPlist.strings in Resources */,
				A32D30431412EACB007C5873 /* FirstView.xib in Resources */,
				A32D30461412EACB007C5873 /* SecondView.xib in Resources */,
				A333DE721417654500254DA0 /* InfoDetailsView.xib in Resources */,
				A385002F14179B5F00CFB95D /* PhotoSetViewController.xib in Resources */,
				A36EC7BE141E30C100752D14 /* InfoTableView.xib in Resources */,
				A36B8BA3141F4426004857B6 /* 18-envelope.png in Resources */,
				A36B8C29141F47B2004857B6 /* default.css in Resources */,
				A3A428E51421B782008C9E0F /* Default.png in Resources */,
			);
			runOnlyForDeploymentPostprocessing = 0;
		};
		A32D30491412EACC007C5873 /* Resources */ = {
			isa = PBXResourcesBuildPhase;
			buildActionMask = 2147483647;
			files = (
				A32D30591412EACC007C5873 /* InfoPlist.strings in Resources */,
				A32D305B1412EACC007C5873 /* LemonadeAlleyTests.h in Resources */,
			);
			runOnlyForDeploymentPostprocessing = 0;
		};
/* End PBXResourcesBuildPhase section */

/* Begin PBXShellScriptBuildPhase section */
		A32D304A1412EACC007C5873 /* ShellScript */ = {
			isa = PBXShellScriptBuildPhase;
			buildActionMask = 2147483647;
			files = (
			);
			inputPaths = (
			);
			outputPaths = (
			);
			runOnlyForDeploymentPostprocessing = 0;
			shellPath = /bin/sh;
			shellScript = "# Run the unit tests in this test bundle.\n\"${SYSTEM_DEVELOPER_DIR}/Tools/RunUnitTests\"\n";
		};
/* End PBXShellScriptBuildPhase section */

/* Begin PBXSourcesBuildPhase section */
		A32D301E1412EACB007C5873 /* Sources */ = {
			isa = PBXSourcesBuildPhase;
			buildActionMask = 2147483647;
			files = (
				A32D30331412EACB007C5873 /* main.m in Sources */,
				A32D30371412EACB007C5873 /* LemonadeAlleyAppDelegate.m in Sources */,
				A32D303D1412EACB007C5873 /* FirstViewController.m in Sources */,
				A32D30401412EACB007C5873 /* SecondViewController.m in Sources */,
				A333DE711417654500254DA0 /* InfoDetailsViewController.m in Sources */,
				A385002E14179B5F00CFB95D /* PhotoSetViewController.m in Sources */,
				A3F2A1A61418826600DADAD0 /* Photo.m in Sources */,
				A37166D71418D1A300C9262A /* PhotoSet.m in Sources */,
				A36EC7BD141E30C100752D14 /* InfoTableViewController.m in Sources */,
				A36B8BDF141F46E8004857B6 /* GTMNSString+HTML.m in Sources */,
				A36B8C15141F4795004857B6 /* TableCellDisclosure.m in Sources */,
				A36B8C16141F4795004857B6 /* TableItemDisclosure.m in Sources */,
				A36B8C19141F4795004857B6 /* WordPressAddCommentViewController.m in Sources */,
				A36B8C1A141F4795004857B6 /* WordPressBaseTableViewController.m in Sources */,
				A36B8C1B141F4795004857B6 /* WordPressBlogViewController.m in Sources */,
				A36B8C1C141F4795004857B6 /* WordPressCategory.m in Sources */,
				A36B8C1D141F4795004857B6 /* WordPressComment.m in Sources */,
				A36B8C1E141F4795004857B6 /* WordPressCommentDataSource.m in Sources */,
				A36B8C1F141F4795004857B6 /* WordPressCommentTableCell.m in Sources */,
				A36B8C20141F4795004857B6 /* WordPressCommentViewController.m in Sources */,
				A36B8C21141F4795004857B6 /* WordPressDataSource.m in Sources */,
				A36B8C22141F4795004857B6 /* WordPressPost.m in Sources */,
				A36B8C23141F4795004857B6 /* WordPressPostDataSource.m in Sources */,
				A36B8C24141F4795004857B6 /* WordPressPostModel.m in Sources */,
				A36B8C25141F4795004857B6 /* WordPressPostTableCell.m in Sources */,
				A36B8C26141F4795004857B6 /* WordPressPostViewController.m in Sources */,
				A36B8C27141F4795004857B6 /* WPTabBarController.m in Sources */,
				A3ACFCE71421ADAE0045D947 /* TabBarController.m in Sources */,
				A3ACFCEA1421B32F0045D947 /* MenuController.m in Sources */,
				A3A428C61421B4DC008C9E0F /* ContentController.m in Sources */,
			);
			runOnlyForDeploymentPostprocessing = 0;
		};
		A32D30471412EACC007C5873 /* Sources */ = {
			isa = PBXSourcesBuildPhase;
			buildActionMask = 2147483647;
			files = (
				A32D305D1412EACC007C5873 /* LemonadeAlleyTests.m in Sources */,
			);
			runOnlyForDeploymentPostprocessing = 0;
		};
/* End PBXSourcesBuildPhase section */

/* Begin PBXTargetDependency section */
		3201088596B4756681693701 /* PBXTargetDependency */ = {
			isa = PBXTargetDependency;
			name = Three20UICommon;
			targetProxy = 3201088596B4756681693702 /* PBXContainerItemProxy */;
		};
		320A2827FEC940B25BC42C61 /* PBXTargetDependency */ = {
			isa = PBXTargetDependency;
			name = Three20Core;
			targetProxy = 320A2827FEC940B25BC42C62 /* PBXContainerItemProxy */;
		};
		320A5A189C235877202780D1 /* PBXTargetDependency */ = {
			isa = PBXTargetDependency;
			name = Three20Network;
			targetProxy = 320A5A189C235877202780D2 /* PBXContainerItemProxy */;
		};
		320A737074758E53BA54BE91 /* PBXTargetDependency */ = {
			isa = PBXTargetDependency;
			name = Three20UINavigator;
			targetProxy = 320A737074758E53BA54BE92 /* PBXContainerItemProxy */;
		};
		320CC833B8AF0ACFD35E6221 /* PBXTargetDependency */ = {
			isa = PBXTargetDependency;
			name = Three20Style;
			targetProxy = 320CC833B8AF0ACFD35E6222 /* PBXContainerItemProxy */;
		};
		320D7DCCE32703ACAB9A45E1 /* PBXTargetDependency */ = {
			isa = PBXTargetDependency;
			name = Three20;
			targetProxy = 320D7DCCE32703ACAB9A45E2 /* PBXContainerItemProxy */;
		};
		320F2C48872C2E2C4DF86201 /* PBXTargetDependency */ = {
			isa = PBXTargetDependency;
			name = Three20UI;
			targetProxy = 320F2C48872C2E2C4DF86202 /* PBXContainerItemProxy */;
		};
		A32D30531412EACC007C5873 /* PBXTargetDependency */ = {
			isa = PBXTargetDependency;
			target = A32D30211412EACB007C5873 /* LemonadeAlley */;
			targetProxy = A32D30521412EACC007C5873 /* PBXContainerItemProxy */;
		};
/* End PBXTargetDependency section */

/* Begin PBXVariantGroup section */
		A32D302F1412EACB007C5873 /* InfoPlist.strings */ = {
			isa = PBXVariantGroup;
			children = (
				A32D30301412EACB007C5873 /* en */,
			);
			name = InfoPlist.strings;
			sourceTree = "<group>";
		};
		A32D30411412EACB007C5873 /* FirstView.xib */ = {
			isa = PBXVariantGroup;
			children = (
				A32D30421412EACB007C5873 /* en */,
			);
			name = FirstView.xib;
			sourceTree = "<group>";
		};
		A32D30441412EACB007C5873 /* SecondView.xib */ = {
			isa = PBXVariantGroup;
			children = (
				A32D30451412EACB007C5873 /* en */,
			);
			name = SecondView.xib;
			sourceTree = "<group>";
		};
		A32D30571412EACC007C5873 /* InfoPlist.strings */ = {
			isa = PBXVariantGroup;
			children = (
				A32D30581412EACC007C5873 /* en */,
			);
			name = InfoPlist.strings;
			sourceTree = "<group>";
		};
/* End PBXVariantGroup section */

/* Begin XCBuildConfiguration section */
		A32D305E1412EACC007C5873 /* Debug */ = {
			isa = XCBuildConfiguration;
			buildSettings = {
				ALWAYS_SEARCH_USER_PATHS = NO;
				ARCHS = "$(ARCHS_STANDARD_32_BIT)";
				"CODE_SIGN_IDENTITY[sdk=iphoneos*]" = "iPhone Developer";
				COPY_PHASE_STRIP = NO;
				GCC_C_LANGUAGE_STANDARD = gnu99;
				GCC_DYNAMIC_NO_PIC = NO;
				GCC_OPTIMIZATION_LEVEL = 0;
				GCC_PREPROCESSOR_DEFINITIONS = (
					"DEBUG=1",
					"$(inherited)",
				);
				GCC_SYMBOLS_PRIVATE_EXTERN = NO;
				GCC_VERSION = com.apple.compilers.llvmgcc42;
				GCC_WARN_ABOUT_MISSING_PROTOTYPES = YES;
				GCC_WARN_ABOUT_RETURN_TYPE = YES;
				GCC_WARN_UNUSED_VARIABLE = YES;
				HEADER_SEARCH_PATHS = (
					"$(BUILT_PRODUCTS_DIR)/../three20",
					"$(BUILT_PRODUCTS_DIR)/../../three20",
					three20/Build/Products/three20,
				);
				IPHONEOS_DEPLOYMENT_TARGET = 4.3;
				OTHER_LDFLAGS = "-ObjC";
				SDKROOT = iphoneos;
			};
			name = Debug;
		};
		A32D305F1412EACC007C5873 /* Release */ = {
			isa = XCBuildConfiguration;
			buildSettings = {
				ALWAYS_SEARCH_USER_PATHS = NO;
				ARCHS = "$(ARCHS_STANDARD_32_BIT)";
				"CODE_SIGN_IDENTITY[sdk=iphoneos*]" = "iPhone Developer";
				COPY_PHASE_STRIP = YES;
				GCC_C_LANGUAGE_STANDARD = gnu99;
				GCC_VERSION = com.apple.compilers.llvmgcc42;
				GCC_WARN_ABOUT_MISSING_PROTOTYPES = YES;
				GCC_WARN_ABOUT_RETURN_TYPE = YES;
				GCC_WARN_UNUSED_VARIABLE = YES;
				HEADER_SEARCH_PATHS = (
					"$(BUILT_PRODUCTS_DIR)/../three20",
					"$(BUILT_PRODUCTS_DIR)/../../three20",
					three20/Build/Products/three20,
				);
				IPHONEOS_DEPLOYMENT_TARGET = 4.3;
				OTHER_CFLAGS = "-DNS_BLOCK_ASSERTIONS=1";
				OTHER_LDFLAGS = "-ObjC";
				SDKROOT = iphoneos;
				VALIDATE_PRODUCT = YES;
			};
			name = Release;
		};
		A32D30611412EACC007C5873 /* Debug */ = {
			isa = XCBuildConfiguration;
			buildSettings = {
				GCC_PRECOMPILE_PREFIX_HEADER = YES;
				GCC_PREFIX_HEADER = "LemonadeAlley/LemonadeAlley-Prefix.pch";
				HEADER_SEARCH_PATHS = "";
				INFOPLIST_FILE = "LemonadeAlley/LemonadeAlley-Info.plist";
				OTHER_LDFLAGS = (
					"-ObjC",
					"-all_load",
				);
				PRODUCT_NAME = "$(TARGET_NAME)";
				WRAPPER_EXTENSION = app;
			};
			name = Debug;
		};
		A32D30621412EACC007C5873 /* Release */ = {
			isa = XCBuildConfiguration;
			buildSettings = {
				GCC_PRECOMPILE_PREFIX_HEADER = YES;
				GCC_PREFIX_HEADER = "LemonadeAlley/LemonadeAlley-Prefix.pch";
				HEADER_SEARCH_PATHS = "";
				INFOPLIST_FILE = "LemonadeAlley/LemonadeAlley-Info.plist";
				OTHER_LDFLAGS = (
					"-ObjC",
					"-all_load",
				);
				PRODUCT_NAME = "$(TARGET_NAME)";
				WRAPPER_EXTENSION = app;
			};
			name = Release;
		};
		A32D30641412EACC007C5873 /* Debug */ = {
			isa = XCBuildConfiguration;
			buildSettings = {
				BUNDLE_LOADER = "$(BUILT_PRODUCTS_DIR)/LemonadeAlley.app/LemonadeAlley";
				FRAMEWORK_SEARCH_PATHS = (
					"$(SDKROOT)/Developer/Library/Frameworks",
					"$(DEVELOPER_LIBRARY_DIR)/Frameworks",
				);
				GCC_PRECOMPILE_PREFIX_HEADER = YES;
				GCC_PREFIX_HEADER = "LemonadeAlley/LemonadeAlley-Prefix.pch";
				INFOPLIST_FILE = "LemonadeAlleyTests/LemonadeAlleyTests-Info.plist";
				PRODUCT_NAME = "$(TARGET_NAME)";
				TEST_HOST = "$(BUNDLE_LOADER)";
				WRAPPER_EXTENSION = octest;
			};
			name = Debug;
		};
		A32D30651412EACC007C5873 /* Release */ = {
			isa = XCBuildConfiguration;
			buildSettings = {
				BUNDLE_LOADER = "$(BUILT_PRODUCTS_DIR)/LemonadeAlley.app/LemonadeAlley";
				FRAMEWORK_SEARCH_PATHS = (
					"$(SDKROOT)/Developer/Library/Frameworks",
					"$(DEVELOPER_LIBRARY_DIR)/Frameworks",
				);
				GCC_PRECOMPILE_PREFIX_HEADER = YES;
				GCC_PREFIX_HEADER = "LemonadeAlley/LemonadeAlley-Prefix.pch";
				INFOPLIST_FILE = "LemonadeAlleyTests/LemonadeAlleyTests-Info.plist";
				PRODUCT_NAME = "$(TARGET_NAME)";
				TEST_HOST = "$(BUNDLE_LOADER)";
				WRAPPER_EXTENSION = octest;
			};
			name = Release;
		};
/* End XCBuildConfiguration section */

/* Begin XCConfigurationList section */
		A32D301C1412EACB007C5873 /* Build configuration list for PBXProject "LemonadeAlley" */ = {
			isa = XCConfigurationList;
			buildConfigurations = (
				A32D305E1412EACC007C5873 /* Debug */,
				A32D305F1412EACC007C5873 /* Release */,
			);
			defaultConfigurationIsVisible = 0;
			defaultConfigurationName = Release;
		};
		A32D30601412EACC007C5873 /* Build configuration list for PBXNativeTarget "LemonadeAlley" */ = {
			isa = XCConfigurationList;
			buildConfigurations = (
				A32D30611412EACC007C5873 /* Debug */,
				A32D30621412EACC007C5873 /* Release */,
			);
			defaultConfigurationIsVisible = 0;
			defaultConfigurationName = Release;
		};
		A32D30631412EACC007C5873 /* Build configuration list for PBXNativeTarget "LemonadeAlleyTests" */ = {
			isa = XCConfigurationList;
			buildConfigurations = (
				A32D30641412EACC007C5873 /* Debug */,
				A32D30651412EACC007C5873 /* Release */,
			);
			defaultConfigurationIsVisible = 0;
			defaultConfigurationName = Release;
		};
/* End XCConfigurationList section */
	};
	rootObject = A32D30191412EACB007C5873 /* Project object */;
}
